// !$*UTF8*$!
{
	archiveVersion = 1;
	classes = {
	};
	objectVersion = 46;
	objects = {

/* Begin PBXBuildFile section */
		DD9C984114B2BCF900FA7056 /* InfoPlist.strings in Resources */ = {isa = PBXBuildFile; fileRef = DD9C983B14B2BCF900FA7056 /* InfoPlist.strings */; };
		DD9C984214B2BCF900FA7056 /* ingredients.plist in Resources */ = {isa = PBXBuildFile; fileRef = DD9C983D14B2BCF900FA7056 /* ingredients.plist */; };
		DD9C984314B2BCF900FA7056 /* MainWindow.xib in Resources */ = {isa = PBXBuildFile; fileRef = DD9C983F14B2BCF900FA7056 /* MainWindow.xib */; };
		DD9C984B14B2BD1000FA7056 /* InfoPlist.strings in Resources */ = {isa = PBXBuildFile; fileRef = DD9C984514B2BD1000FA7056 /* InfoPlist.strings */; };
		DD9C984C14B2BD1000FA7056 /* ingredients.plist in Resources */ = {isa = PBXBuildFile; fileRef = DD9C984714B2BD1000FA7056 /* ingredients.plist */; };
		DD9C984D14B2BD1000FA7056 /* MainWindow.xib in Resources */ = {isa = PBXBuildFile; fileRef = DD9C984914B2BD1000FA7056 /* MainWindow.xib */; };
		DD9C985514B2C2B300FA7056 /* groups.plist in Resources */ = {isa = PBXBuildFile; fileRef = DD9C985314B2C2B300FA7056 /* groups.plist */; };
		DD9C985814B2C2CE00FA7056 /* groups.plist in Resources */ = {isa = PBXBuildFile; fileRef = DD9C985614B2C2CE00FA7056 /* groups.plist */; };
		DD9C985D14B2C3EB00FA7056 /* anons.plist in Resources */ = {isa = PBXBuildFile; fileRef = DD9C985914B2C3EB00FA7056 /* anons.plist */; };
		DD9C985E14B2C3EB00FA7056 /* recipes.plist in Resources */ = {isa = PBXBuildFile; fileRef = DD9C985B14B2C3EB00FA7056 /* recipes.plist */; };
		DD9C986314B2C40600FA7056 /* anons.plist in Resources */ = {isa = PBXBuildFile; fileRef = DD9C985F14B2C40600FA7056 /* anons.plist */; };
		DD9C986414B2C40600FA7056 /* recipes.plist in Resources */ = {isa = PBXBuildFile; fileRef = DD9C986114B2C40600FA7056 /* recipes.plist */; };
		FA02F224146DB87F008F0C7B /* 1_1_1.png in Resources */ = {isa = PBXBuildFile; fileRef = FA02F21D146DB87F008F0C7B /* 1_1_1.png */; };
		FA02F225146DB87F008F0C7B /* 1_1_2.png in Resources */ = {isa = PBXBuildFile; fileRef = FA02F21E146DB87F008F0C7B /* 1_1_2.png */; };
		FA02F226146DB87F008F0C7B /* 1_1_3.png in Resources */ = {isa = PBXBuildFile; fileRef = FA02F21F146DB87F008F0C7B /* 1_1_3.png */; };
		FA02F227146DB87F008F0C7B /* 1_1_4.png in Resources */ = {isa = PBXBuildFile; fileRef = FA02F220146DB87F008F0C7B /* 1_1_4.png */; };
		FA02F228146DB87F008F0C7B /* 1_1_5.png in Resources */ = {isa = PBXBuildFile; fileRef = FA02F221146DB87F008F0C7B /* 1_1_5.png */; };
		FA02F229146DB87F008F0C7B /* 1_1_6.png in Resources */ = {isa = PBXBuildFile; fileRef = FA02F222146DB87F008F0C7B /* 1_1_6.png */; };
		FA02F22A146DB87F008F0C7B /* 1_1_7.png in Resources */ = {isa = PBXBuildFile; fileRef = FA02F223146DB87F008F0C7B /* 1_1_7.png */; };
		FA02F22D146DB8DA008F0C7B /* 1_1_100.png in Resources */ = {isa = PBXBuildFile; fileRef = FA02F22C146DB8DA008F0C7B /* 1_1_100.png */; };
		FA06FD061462DE2E002877D1 /* MyNavController.m in Sources */ = {isa = PBXBuildFile; fileRef = FA06FD051462DE2E002877D1 /* MyNavController.m */; };
		FA0BE3241428F01900F0D595 /* UIKit.framework in Frameworks */ = {isa = PBXBuildFile; fileRef = FA0BE3231428F01900F0D595 /* UIKit.framework */; };
		FA0BE3261428F01900F0D595 /* Foundation.framework in Frameworks */ = {isa = PBXBuildFile; fileRef = FA0BE3251428F01900F0D595 /* Foundation.framework */; };
		FA0BE3281428F01900F0D595 /* CoreGraphics.framework in Frameworks */ = {isa = PBXBuildFile; fileRef = FA0BE3271428F01900F0D595 /* CoreGraphics.framework */; };
		FA0BE32E1428F01900F0D595 /* InfoPlist.strings in Resources */ = {isa = PBXBuildFile; fileRef = FA0BE32C1428F01900F0D595 /* InfoPlist.strings */; };
		FA0BE3311428F01900F0D595 /* main.m in Sources */ = {isa = PBXBuildFile; fileRef = FA0BE3301428F01900F0D595 /* main.m */; };
		FA0BE3341428F01900F0D595 /* Recipes_AppDelegate.m in Sources */ = {isa = PBXBuildFile; fileRef = FA0BE3331428F01900F0D595 /* Recipes_AppDelegate.m */; };
		FA0BE3371428F01900F0D595 /* MainWindow.xib in Resources */ = {isa = PBXBuildFile; fileRef = FA0BE3351428F01900F0D595 /* MainWindow.xib */; };
		FA0BE36D1428F1F000F0D595 /* Recipe.m in Sources */ = {isa = PBXBuildFile; fileRef = FA0BE36C1428F1F000F0D595 /* Recipe.m */; };
		FA0BE3701428F1FE00F0D595 /* Pack.m in Sources */ = {isa = PBXBuildFile; fileRef = FA0BE36F1428F1FE00F0D595 /* Pack.m */; };
		FA0BE3791428F98600F0D595 /* Recipes_ViewController.m in Sources */ = {isa = PBXBuildFile; fileRef = FA0BE3771428F98600F0D595 /* Recipes_ViewController.m */; };
		FA0BE37A1428F98600F0D595 /* Recipes_ViewController.xib in Resources */ = {isa = PBXBuildFile; fileRef = FA0BE3781428F98600F0D595 /* Recipes_ViewController.xib */; };
		FA0BE38E142906AF00F0D595 /* VideosViewController.m in Sources */ = {isa = PBXBuildFile; fileRef = FA0BE38C142906AF00F0D595 /* VideosViewController.m */; };
		FA0BE38F142906AF00F0D595 /* VideosViewController.xib in Resources */ = {isa = PBXBuildFile; fileRef = FA0BE38D142906AF00F0D595 /* VideosViewController.xib */; };
		FA0BE393142906C000F0D595 /* AnonsViewController.m in Sources */ = {isa = PBXBuildFile; fileRef = FA0BE391142906C000F0D595 /* AnonsViewController.m */; };
		FA0BE394142906C000F0D595 /* AnonsViewController.xib in Resources */ = {isa = PBXBuildFile; fileRef = FA0BE392142906C000F0D595 /* AnonsViewController.xib */; };
		FA0BE398142906CE00F0D595 /* MoreViewController.m in Sources */ = {isa = PBXBuildFile; fileRef = FA0BE396142906CE00F0D595 /* MoreViewController.m */; };
		FA0BE399142906CE00F0D595 /* MoreViewController.xib in Resources */ = {isa = PBXBuildFile; fileRef = FA0BE397142906CE00F0D595 /* MoreViewController.xib */; };
		FA1A5C5A1491FA16001F5C57 /* 2set.png in Resources */ = {isa = PBXBuildFile; fileRef = FA1A5C591491FA16001F5C57 /* 2set.png */; };
		FA1A5C691491FAD8001F5C57 /* 2_1_1.png in Resources */ = {isa = PBXBuildFile; fileRef = FA1A5C601491FAD8001F5C57 /* 2_1_1.png */; };
		FA1A5C6A1491FAD8001F5C57 /* 2_1_2.png in Resources */ = {isa = PBXBuildFile; fileRef = FA1A5C611491FAD8001F5C57 /* 2_1_2.png */; };
		FA1A5C6B1491FAD8001F5C57 /* 2_1_3.png in Resources */ = {isa = PBXBuildFile; fileRef = FA1A5C621491FAD8001F5C57 /* 2_1_3.png */; };
		FA1A5C6C1491FAD8001F5C57 /* 2_1_4.png in Resources */ = {isa = PBXBuildFile; fileRef = FA1A5C631491FAD8001F5C57 /* 2_1_4.png */; };
		FA1A5C6D1491FAD8001F5C57 /* 2_1_5.png in Resources */ = {isa = PBXBuildFile; fileRef = FA1A5C641491FAD8001F5C57 /* 2_1_5.png */; };
		FA1A5C6E1491FAD8001F5C57 /* 2_1_6.png in Resources */ = {isa = PBXBuildFile; fileRef = FA1A5C651491FAD8001F5C57 /* 2_1_6.png */; };
		FA1A5C6F1491FAD8001F5C57 /* 2_1_7.png in Resources */ = {isa = PBXBuildFile; fileRef = FA1A5C661491FAD8001F5C57 /* 2_1_7.png */; };
		FA1A5C701491FAD8001F5C57 /* 2_1_100.png in Resources */ = {isa = PBXBuildFile; fileRef = FA1A5C671491FAD8001F5C57 /* 2_1_100.png */; };
		FA1A5C711491FAD8001F5C57 /* 2_1_ingreds.png in Resources */ = {isa = PBXBuildFile; fileRef = FA1A5C681491FAD8001F5C57 /* 2_1_ingreds.png */; };
		FA1A5C7B149201DF001F5C57 /* 2_2_1.png in Resources */ = {isa = PBXBuildFile; fileRef = FA1A5C72149201DF001F5C57 /* 2_2_1.png */; };
		FA1A5C7C149201DF001F5C57 /* 2_2_2.png in Resources */ = {isa = PBXBuildFile; fileRef = FA1A5C73149201DF001F5C57 /* 2_2_2.png */; };
		FA1A5C7D149201DF001F5C57 /* 2_2_3.png in Resources */ = {isa = PBXBuildFile; fileRef = FA1A5C74149201DF001F5C57 /* 2_2_3.png */; };
		FA1A5C7E149201DF001F5C57 /* 2_2_4.png in Resources */ = {isa = PBXBuildFile; fileRef = FA1A5C75149201DF001F5C57 /* 2_2_4.png */; };
		FA1A5C7F149201DF001F5C57 /* 2_2_5.png in Resources */ = {isa = PBXBuildFile; fileRef = FA1A5C76149201DF001F5C57 /* 2_2_5.png */; };
		FA1A5C80149201DF001F5C57 /* 2_2_6.png in Resources */ = {isa = PBXBuildFile; fileRef = FA1A5C77149201DF001F5C57 /* 2_2_6.png */; };
		FA1A5C81149201DF001F5C57 /* 2_2_100.png in Resources */ = {isa = PBXBuildFile; fileRef = FA1A5C78149201DF001F5C57 /* 2_2_100.png */; };
		FA1A5C83149201DF001F5C57 /* 2_2_ingreds.png in Resources */ = {isa = PBXBuildFile; fileRef = FA1A5C7A149201DF001F5C57 /* 2_2_ingreds.png */; };
		FA1A5C851492044E001F5C57 /* 2_3_ingreds.png in Resources */ = {isa = PBXBuildFile; fileRef = FA1A5C841492044E001F5C57 /* 2_3_ingreds.png */; };
		FA1A5C8E14920455001F5C57 /* 2_3_1.png in Resources */ = {isa = PBXBuildFile; fileRef = FA1A5C8614920455001F5C57 /* 2_3_1.png */; };
		FA1A5C8F14920455001F5C57 /* 2_3_2.png in Resources */ = {isa = PBXBuildFile; fileRef = FA1A5C8714920455001F5C57 /* 2_3_2.png */; };
		FA1A5C9014920455001F5C57 /* 2_3_3.png in Resources */ = {isa = PBXBuildFile; fileRef = FA1A5C8814920455001F5C57 /* 2_3_3.png */; };
		FA1A5C9214920455001F5C57 /* 2_3_5.png in Resources */ = {isa = PBXBuildFile; fileRef = FA1A5C8A14920455001F5C57 /* 2_3_5.png */; };
		FA1A5C9314920455001F5C57 /* 2_3_6.png in Resources */ = {isa = PBXBuildFile; fileRef = FA1A5C8B14920455001F5C57 /* 2_3_6.png */; };
		FA1A5C9414920455001F5C57 /* 2_3_7.png in Resources */ = {isa = PBXBuildFile; fileRef = FA1A5C8C14920455001F5C57 /* 2_3_7.png */; };
		FA1A5C9514920455001F5C57 /* 2_3_100.png in Resources */ = {isa = PBXBuildFile; fileRef = FA1A5C8D14920455001F5C57 /* 2_3_100.png */; };
		FA1A5C9714920485001F5C57 /* 2_3_4.png in Resources */ = {isa = PBXBuildFile; fileRef = FA1A5C9614920485001F5C57 /* 2_3_4.png */; };
		FA1A5CA1149206FC001F5C57 /* 2_4_1.png in Resources */ = {isa = PBXBuildFile; fileRef = FA1A5C98149206FC001F5C57 /* 2_4_1.png */; };
		FA1A5CA2149206FC001F5C57 /* 2_4_2.png in Resources */ = {isa = PBXBuildFile; fileRef = FA1A5C99149206FC001F5C57 /* 2_4_2.png */; };
		FA1A5CA3149206FC001F5C57 /* 2_4_3.png in Resources */ = {isa = PBXBuildFile; fileRef = FA1A5C9A149206FC001F5C57 /* 2_4_3.png */; };
		FA1A5CA4149206FC001F5C57 /* 2_4_4.png in Resources */ = {isa = PBXBuildFile; fileRef = FA1A5C9B149206FC001F5C57 /* 2_4_4.png */; };
		FA1A5CA5149206FC001F5C57 /* 2_4_5.png in Resources */ = {isa = PBXBuildFile; fileRef = FA1A5C9C149206FC001F5C57 /* 2_4_5.png */; };
		FA1A5CA6149206FC001F5C57 /* 2_4_6.png in Resources */ = {isa = PBXBuildFile; fileRef = FA1A5C9D149206FC001F5C57 /* 2_4_6.png */; };
		FA1A5CA7149206FC001F5C57 /* 2_4_7.png in Resources */ = {isa = PBXBuildFile; fileRef = FA1A5C9E149206FC001F5C57 /* 2_4_7.png */; };
		FA1A5CA8149206FC001F5C57 /* 2_4_ingreds.png in Resources */ = {isa = PBXBuildFile; fileRef = FA1A5C9F149206FC001F5C57 /* 2_4_ingreds.png */; };
		FA1A5CA9149206FC001F5C57 /* 2_4_100.png in Resources */ = {isa = PBXBuildFile; fileRef = FA1A5CA0149206FC001F5C57 /* 2_4_100.png */; };
		FA1A5CAB14920926001F5C57 /* 2_2_7.png in Resources */ = {isa = PBXBuildFile; fileRef = FA1A5CAA14920926001F5C57 /* 2_2_7.png */; };
		FA3633A91471ADBB00F70DC7 /* Default@2x.png in Resources */ = {isa = PBXBuildFile; fileRef = FA3633A81471ADBB00F70DC7 /* Default@2x.png */; };
		FA3633AB1471AE1C00F70DC7 /* Default.png in Resources */ = {isa = PBXBuildFile; fileRef = FA3633AA1471AE1C00F70DC7 /* Default.png */; };
		FA6A02EB149215D000DFC185 /* 1-ось.png in Resources */ = {isa = PBXBuildFile; fileRef = FA6A02E7149215D000DFC185 /* 1-ось.png */; };
		FA6A02EC149215D000DFC185 /* 2-ньекки.png in Resources */ = {isa = PBXBuildFile; fileRef = FA6A02E8149215D000DFC185 /* 2-ньекки.png */; };
		FA6A02ED149215D000DFC185 /* 3-дорадо.png in Resources */ = {isa = PBXBuildFile; fileRef = FA6A02E9149215D000DFC185 /* 3-дорадо.png */; };
		FA6A02EE149215D000DFC185 /* 4-мусс.png in Resources */ = {isa = PBXBuildFile; fileRef = FA6A02EA149215D000DFC185 /* 4-мусс.png */; };
		FA754065142B994A002A70AE /* OneRecipeViewController.m in Sources */ = {isa = PBXBuildFile; fileRef = FA754063142B994A002A70AE /* OneRecipeViewController.m */; };
		FA754066142B994A002A70AE /* OneRecipeViewController.xib in Resources */ = {isa = PBXBuildFile; fileRef = FA754064142B994A002A70AE /* OneRecipeViewController.xib */; };
		FA80B2CB1490FCDA008513F0 /* anons_salat_roastbeef.png in Resources */ = {isa = PBXBuildFile; fileRef = FA80B2C31490FCDA008513F0 /* anons_salat_roastbeef.png */; };
		FA80B2CC1490FCDA008513F0 /* anons_govyadina.png in Resources */ = {isa = PBXBuildFile; fileRef = FA80B2C41490FCDA008513F0 /* anons_govyadina.png */; };
		FA80B2CD1490FCDA008513F0 /* anons_boloniese.png in Resources */ = {isa = PBXBuildFile; fileRef = FA80B2C51490FCDA008513F0 /* anons_boloniese.png */; };
		FA80B2CE1490FCDA008513F0 /* anons_tiramisu.png in Resources */ = {isa = PBXBuildFile; fileRef = FA80B2C61490FCDA008513F0 /* anons_tiramisu.png */; };
		FA80B2CF1490FCDA008513F0 /* anons_karpacho.png in Resources */ = {isa = PBXBuildFile; fileRef = FA80B2C71490FCDA008513F0 /* anons_karpacho.png */; };
		FA80B2D01490FCDA008513F0 /* anons_spag_buff.png in Resources */ = {isa = PBXBuildFile; fileRef = FA80B2C81490FCDA008513F0 /* anons_spag_buff.png */; };
		FA80B2D11490FCDA008513F0 /* anons_flan.png in Resources */ = {isa = PBXBuildFile; fileRef = FA80B2C91490FCDA008513F0 /* anons_flan.png */; };
		FA80B2D21490FCDA008513F0 /* anons_tunez.png in Resources */ = {isa = PBXBuildFile; fileRef = FA80B2CA1490FCDA008513F0 /* anons_tunez.png */; };
		FA86EE1014742E1A0086DC73 /* test_image.png in Resources */ = {isa = PBXBuildFile; fileRef = FA86EE0F14742E1A0086DC73 /* test_image.png */; };
		FA88FAD6148D37D700EED513 /* iTunesArtwork in Resources */ = {isa = PBXBuildFile; fileRef = FA88FAD3148D37D700EED513 /* iTunesArtwork */; };
		FA88FAD8148D380500EED513 /* 57.png in Resources */ = {isa = PBXBuildFile; fileRef = FA88FAD7148D380500EED513 /* 57.png */; };
		FA88FADA148D382500EED513 /* 114.png in Resources */ = {isa = PBXBuildFile; fileRef = FA88FAD9148D382500EED513 /* 114.png */; };
		FA88FADD148D384B00EED513 /* ingred_photo.png in Resources */ = {isa = PBXBuildFile; fileRef = FA88FADB148D384B00EED513 /* ingred_photo.png */; };
		FA88FADE148D384B00EED513 /* ingred.png in Resources */ = {isa = PBXBuildFile; fileRef = FA88FADC148D384B00EED513 /* ingred.png */; };
		FA88FAE0148D3C0200EED513 /* example3.png in Resources */ = {isa = PBXBuildFile; fileRef = FA88FADF148D3C0200EED513 /* example3.png */; };
		FA88FAE2148D404300EED513 /* 1_1_ingreds.png in Resources */ = {isa = PBXBuildFile; fileRef = FA88FAE1148D404300EED513 /* 1_1_ingreds.png */; };
		FA8FAFD414890CB900677E75 /* example1.png in Resources */ = {isa = PBXBuildFile; fileRef = FA8FAFD214890CB900677E75 /* example1.png */; };
		FA8FAFD514890CB900677E75 /* example2.png in Resources */ = {isa = PBXBuildFile; fileRef = FA8FAFD314890CB900677E75 /* example2.png */; };
		FA8FAFDB14890CE200677E75 /* back-center.png in Resources */ = {isa = PBXBuildFile; fileRef = FA8FAFD614890CE100677E75 /* back-center.png */; };
		FA8FAFDC14890CE200677E75 /* back-steps.png in Resources */ = {isa = PBXBuildFile; fileRef = FA8FAFD714890CE100677E75 /* back-steps.png */; };
		FA8FAFDD14890CE200677E75 /* bottom-back-center.png in Resources */ = {isa = PBXBuildFile; fileRef = FA8FAFD814890CE100677E75 /* bottom-back-center.png */; };
		FA8FAFDE14890CE200677E75 /* ingred_photo(old).png in Resources */ = {isa = PBXBuildFile; fileRef = FA8FAFD914890CE200677E75 /* ingred_photo(old).png */; };
		FA8FAFDF14890CE200677E75 /* top-back-center.png in Resources */ = {isa = PBXBuildFile; fileRef = FA8FAFDA14890CE200677E75 /* top-back-center.png */; };
		FA8FAFE114890CF200677E75 /* ingred(old).png in Resources */ = {isa = PBXBuildFile; fileRef = FA8FAFE014890CF200677E75 /* ingred(old).png */; };
		FA99034F1499042C00EF0997 /* ourthanks.png in Resources */ = {isa = PBXBuildFile; fileRef = FA99034E1499042C00EF0997 /* ourthanks.png */; };
		FA9903521499043500EF0997 /* oproekte.png in Resources */ = {isa = PBXBuildFile; fileRef = FA9903511499043500EF0997 /* oproekte.png */; };
		FAACBE23146D74360022E9A9 /* line.png in Resources */ = {isa = PBXBuildFile; fileRef = FAACBE22146D74360022E9A9 /* line.png */; };
		FAAF1FB4146C2DB30060E5C8 /* About_project_big.png in Resources */ = {isa = PBXBuildFile; fileRef = FAAF1FAC146C2DB30060E5C8 /* About_project_big.png */; };
		FAAF1FB5146C2DB30060E5C8 /* About_project.png in Resources */ = {isa = PBXBuildFile; fileRef = FAAF1FAD146C2DB30060E5C8 /* About_project.png */; };
		FAAF1FB6146C2DB30060E5C8 /* Anons_big.png in Resources */ = {isa = PBXBuildFile; fileRef = FAAF1FAE146C2DB30060E5C8 /* Anons_big.png */; };
		FAAF1FB7146C2DB30060E5C8 /* Anons.png in Resources */ = {isa = PBXBuildFile; fileRef = FAAF1FAF146C2DB30060E5C8 /* Anons.png */; };
		FAAF1FB8146C2DB30060E5C8 /* Our_thanks_big.png in Resources */ = {isa = PBXBuildFile; fileRef = FAAF1FB0146C2DB30060E5C8 /* Our_thanks_big.png */; };
		FAAF1FB9146C2DB30060E5C8 /* Our_thanks.png in Resources */ = {isa = PBXBuildFile; fileRef = FAAF1FB1146C2DB30060E5C8 /* Our_thanks.png */; };
		FAAF1FBA146C2DB30060E5C8 /* Recipes_big.png in Resources */ = {isa = PBXBuildFile; fileRef = FAAF1FB2146C2DB30060E5C8 /* Recipes_big.png */; };
		FAAF1FBB146C2DB30060E5C8 /* Recipes.png in Resources */ = {isa = PBXBuildFile; fileRef = FAAF1FB3146C2DB30060E5C8 /* Recipes.png */; };
		FAB9E29A142A4B1800BACCDB /* categories.plist in Resources */ = {isa = PBXBuildFile; fileRef = FAB9E299142A4B1800BACCDB /* categories.plist */; };
		FAB9E29F142A4B2D00BACCDB /* instruments.plist in Resources */ = {isa = PBXBuildFile; fileRef = FAB9E29E142A4B2D00BACCDB /* instruments.plist */; };
		FAB9E2B2142A6A4900BACCDB /* OnePackViewController.m in Sources */ = {isa = PBXBuildFile; fileRef = FAB9E2B0142A6A4900BACCDB /* OnePackViewController.m */; };
		FAB9E2B3142A6A4900BACCDB /* OnePackViewController.xib in Resources */ = {isa = PBXBuildFile; fileRef = FAB9E2B1142A6A4900BACCDB /* OnePackViewController.xib */; };
		FAB9E2BD142A761600BACCDB /* QuartzCore.framework in Frameworks */ = {isa = PBXBuildFile; fileRef = FAB9E2BC142A761600BACCDB /* QuartzCore.framework */; };
		FABC88AC1496774A00E526BB /* oproekte_ver4.png in Resources */ = {isa = PBXBuildFile; fileRef = FABC88AB1496774A00E526BB /* oproekte_ver4.png */; };
		FAC7A2F9146C835F005FDE43 /* background.png in Resources */ = {isa = PBXBuildFile; fileRef = FAC7A2F8146C835F005FDE43 /* background.png */; };
		FAC7A2FC146C836B005FDE43 /* back2.png in Resources */ = {isa = PBXBuildFile; fileRef = FAC7A2FA146C836B005FDE43 /* back2.png */; };
		FAC7A2FD146C836B005FDE43 /* background_and_back2.png in Resources */ = {isa = PBXBuildFile; fileRef = FAC7A2FB146C836B005FDE43 /* background_and_back2.png */; };
		FAC7A2FF146C8376005FDE43 /* Пример-экрана.png in Resources */ = {isa = PBXBuildFile; fileRef = FAC7A2FE146C8376005FDE43 /* Пример-экрана.png */; };
		FAC7A304146C84B0005FDE43 /* 1-креветки.png in Resources */ = {isa = PBXBuildFile; fileRef = FAC7A300146C84B0005FDE43 /* 1-креветки.png */; };
		FAC7A305146C84B0005FDE43 /* 2-фитучини.png in Resources */ = {isa = PBXBuildFile; fileRef = FAC7A301146C84B0005FDE43 /* 2-фитучини.png */; };
		FAC7A306146C84B0005FDE43 /* 3-мясо.png in Resources */ = {isa = PBXBuildFile; fileRef = FAC7A302146C84B0005FDE43 /* 3-мясо.png */; };
		FAC7A307146C84B0005FDE43 /* 4-семифредо.png in Resources */ = {isa = PBXBuildFile; fileRef = FAC7A303146C84B0005FDE43 /* 4-семифредо.png */; };
		FAC7A30C146C8807005FDE43 /* segoepr.ttf in Resources */ = {isa = PBXBuildFile; fileRef = FAC7A30A146C8807005FDE43 /* segoepr.ttf */; };
		FAC7A30D146C8807005FDE43 /* segoeprb.ttf in Resources */ = {isa = PBXBuildFile; fileRef = FAC7A30B146C8807005FDE43 /* segoeprb.ttf */; };
		FADF313514914B8100F9DE5A /* 1_2_1.png in Resources */ = {isa = PBXBuildFile; fileRef = FADF312C14914B8100F9DE5A /* 1_2_1.png */; };
		FADF313614914B8100F9DE5A /* 1_2_2.png in Resources */ = {isa = PBXBuildFile; fileRef = FADF312D14914B8100F9DE5A /* 1_2_2.png */; };
		FADF313714914B8100F9DE5A /* 1_2_3.png in Resources */ = {isa = PBXBuildFile; fileRef = FADF312E14914B8100F9DE5A /* 1_2_3.png */; };
		FADF313814914B8100F9DE5A /* 1_2_4.png in Resources */ = {isa = PBXBuildFile; fileRef = FADF312F14914B8100F9DE5A /* 1_2_4.png */; };
		FADF313914914B8100F9DE5A /* 1_2_5.png in Resources */ = {isa = PBXBuildFile; fileRef = FADF313014914B8100F9DE5A /* 1_2_5.png */; };
		FADF313A14914B8100F9DE5A /* 1_2_6.png in Resources */ = {isa = PBXBuildFile; fileRef = FADF313114914B8100F9DE5A /* 1_2_6.png */; };
		FADF313B14914B8100F9DE5A /* 1_2_7.png in Resources */ = {isa = PBXBuildFile; fileRef = FADF313214914B8100F9DE5A /* 1_2_7.png */; };
		FADF313C14914B8100F9DE5A /* 1_2_ingreds.png in Resources */ = {isa = PBXBuildFile; fileRef = FADF313314914B8100F9DE5A /* 1_2_ingreds.png */; };
		FADF313D14914B8100F9DE5A /* 1_2_100.png in Resources */ = {isa = PBXBuildFile; fileRef = FADF313414914B8100F9DE5A /* 1_2_100.png */; };
		FADF31481491524700F9DE5A /* 1_3_1.png in Resources */ = {isa = PBXBuildFile; fileRef = FADF313F1491524700F9DE5A /* 1_3_1.png */; };
		FADF31491491524700F9DE5A /* 1_3_2.png in Resources */ = {isa = PBXBuildFile; fileRef = FADF31401491524700F9DE5A /* 1_3_2.png */; };
		FADF314A1491524700F9DE5A /* 1_3_3.png in Resources */ = {isa = PBXBuildFile; fileRef = FADF31411491524700F9DE5A /* 1_3_3.png */; };
		FADF314B1491524700F9DE5A /* 1_3_4.png in Resources */ = {isa = PBXBuildFile; fileRef = FADF31421491524700F9DE5A /* 1_3_4.png */; };
		FADF314C1491524700F9DE5A /* 1_3_5.png in Resources */ = {isa = PBXBuildFile; fileRef = FADF31431491524700F9DE5A /* 1_3_5.png */; };
		FADF314D1491524700F9DE5A /* 1_3_6.png in Resources */ = {isa = PBXBuildFile; fileRef = FADF31441491524700F9DE5A /* 1_3_6.png */; };
		FADF314E1491524700F9DE5A /* 1_3_7.png in Resources */ = {isa = PBXBuildFile; fileRef = FADF31451491524700F9DE5A /* 1_3_7.png */; };
		FADF314F1491524700F9DE5A /* 1_3_100.png in Resources */ = {isa = PBXBuildFile; fileRef = FADF31461491524700F9DE5A /* 1_3_100.png */; };
		FADF31501491524700F9DE5A /* 1_3_ingreds.png in Resources */ = {isa = PBXBuildFile; fileRef = FADF31471491524700F9DE5A /* 1_3_ingreds.png */; };
		FADF315A1491604A00F9DE5A /* 1_4_1.png in Resources */ = {isa = PBXBuildFile; fileRef = FADF31511491604A00F9DE5A /* 1_4_1.png */; };
		FADF315B1491604A00F9DE5A /* 1_4_2.png in Resources */ = {isa = PBXBuildFile; fileRef = FADF31521491604A00F9DE5A /* 1_4_2.png */; };
		FADF315C1491604A00F9DE5A /* 1_4_3.png in Resources */ = {isa = PBXBuildFile; fileRef = FADF31531491604A00F9DE5A /* 1_4_3.png */; };
		FADF315E1491604A00F9DE5A /* 1_4_5.png in Resources */ = {isa = PBXBuildFile; fileRef = FADF31551491604A00F9DE5A /* 1_4_5.png */; };
		FADF315F1491604A00F9DE5A /* 1_4_6.png in Resources */ = {isa = PBXBuildFile; fileRef = FADF31561491604A00F9DE5A /* 1_4_6.png */; };
		FADF31601491604A00F9DE5A /* 1_4_7.png in Resources */ = {isa = PBXBuildFile; fileRef = FADF31571491604A00F9DE5A /* 1_4_7.png */; };
		FADF31611491604A00F9DE5A /* 1_4_ingreds.png in Resources */ = {isa = PBXBuildFile; fileRef = FADF31581491604A00F9DE5A /* 1_4_ingreds.png */; };
		FADF31621491604A00F9DE5A /* 1_4_100.png in Resources */ = {isa = PBXBuildFile; fileRef = FADF31591491604A00F9DE5A /* 1_4_100.png */; };
		FADF3166149160DE00F9DE5A /* 1_4_4.png in Resources */ = {isa = PBXBuildFile; fileRef = FADF3165149160DE00F9DE5A /* 1_4_4.png */; };
		FADF639A145D5D4000DDCD02 /* CrossButton.m in Sources */ = {isa = PBXBuildFile; fileRef = FADF6399145D5D4000DDCD02 /* CrossButton.m */; };
		FADF63A3145DB63200DDCD02 /* MyTabBarController.m in Sources */ = {isa = PBXBuildFile; fileRef = FADF63A2145DB63200DDCD02 /* MyTabBarController.m */; };
		FAE9D52E1490945A002074CC /* 1set.png in Resources */ = {isa = PBXBuildFile; fileRef = FAE9D52B1490945A002074CC /* 1set.png */; };
		FAF1D2AF1492A14F007527FB /* ourthanks_ver5.png in Resources */ = {isa = PBXBuildFile; fileRef = FAF1D2AE1492A14F007527FB /* ourthanks_ver5.png */; };
/* End PBXBuildFile section */

/* Begin PBXFileReference section */
		DD9C983714B2BB2000FA7056 /* ru */ = {isa = PBXFileReference; lastKnownFileType = file.xib; name = ru; path = /Users/vadim/Documents/iRecipes/Recipes_/ru.lproj/MainWindow.xib; sourceTree = "<absolute>"; };
		DD9C983814B2BB2000FA7056 /* ru */ = {isa = PBXFileReference; lastKnownFileType = text.plist.strings; name = ru; path = /Users/vadim/Documents/iRecipes/Recipes_/ru.lproj/InfoPlist.strings; sourceTree = "<absolute>"; };
		DD9C983C14B2BCF900FA7056 /* en */ = {isa = PBXFileReference; lastKnownFileType = text.plist.strings; name = en; path = InfoPlist.strings; sourceTree = "<group>"; };
		DD9C983E14B2BCF900FA7056 /* en */ = {isa = PBXFileReference; lastKnownFileType = text.plist.xml; name = en; path = ingredients.plist; sourceTree = "<group>"; };
		DD9C984014B2BCF900FA7056 /* en */ = {isa = PBXFileReference; lastKnownFileType = file.xib; name = en; path = MainWindow.xib; sourceTree = "<group>"; };
		DD9C984614B2BD1000FA7056 /* ru */ = {isa = PBXFileReference; lastKnownFileType = text.plist.strings; name = ru; path = InfoPlist.strings; sourceTree = "<group>"; };
		DD9C984814B2BD1000FA7056 /* ru */ = {isa = PBXFileReference; lastKnownFileType = text.plist.xml; name = ru; path = ingredients.plist; sourceTree = "<group>"; };
		DD9C984A14B2BD1000FA7056 /* ru */ = {isa = PBXFileReference; lastKnownFileType = file.xib; name = ru; path = MainWindow.xib; sourceTree = "<group>"; };
		DD9C985414B2C2B300FA7056 /* ru */ = {isa = PBXFileReference; lastKnownFileType = text.plist.xml; name = ru; path = groups.plist; sourceTree = "<group>"; };
		DD9C985714B2C2CE00FA7056 /* en */ = {isa = PBXFileReference; lastKnownFileType = text.plist.xml; name = en; path = groups.plist; sourceTree = "<group>"; };
		DD9C985A14B2C3EB00FA7056 /* en */ = {isa = PBXFileReference; lastKnownFileType = text.plist.xml; name = en; path = anons.plist; sourceTree = "<group>"; };
		DD9C985C14B2C3EB00FA7056 /* en */ = {isa = PBXFileReference; lastKnownFileType = text.plist.xml; name = en; path = recipes.plist; sourceTree = "<group>"; };
		DD9C986014B2C40600FA7056 /* ru */ = {isa = PBXFileReference; lastKnownFileType = text.plist.xml; name = ru; path = anons.plist; sourceTree = "<group>"; };
		DD9C986214B2C40600FA7056 /* ru */ = {isa = PBXFileReference; lastKnownFileType = text.plist.xml; name = ru; path = recipes.plist; sourceTree = "<group>"; };
		FA02F21D146DB87F008F0C7B /* 1_1_1.png */ = {isa = PBXFileReference; lastKnownFileType = image.png; path = 1_1_1.png; sourceTree = "<group>"; };
		FA02F21E146DB87F008F0C7B /* 1_1_2.png */ = {isa = PBXFileReference; lastKnownFileType = image.png; path = 1_1_2.png; sourceTree = "<group>"; };
		FA02F21F146DB87F008F0C7B /* 1_1_3.png */ = {isa = PBXFileReference; lastKnownFileType = image.png; path = 1_1_3.png; sourceTree = "<group>"; };
		FA02F220146DB87F008F0C7B /* 1_1_4.png */ = {isa = PBXFileReference; lastKnownFileType = image.png; path = 1_1_4.png; sourceTree = "<group>"; };
		FA02F221146DB87F008F0C7B /* 1_1_5.png */ = {isa = PBXFileReference; lastKnownFileType = image.png; path = 1_1_5.png; sourceTree = "<group>"; };
		FA02F222146DB87F008F0C7B /* 1_1_6.png */ = {isa = PBXFileReference; lastKnownFileType = image.png; path = 1_1_6.png; sourceTree = "<group>"; };
		FA02F223146DB87F008F0C7B /* 1_1_7.png */ = {isa = PBXFileReference; lastKnownFileType = image.png; path = 1_1_7.png; sourceTree = "<group>"; };
		FA02F22C146DB8DA008F0C7B /* 1_1_100.png */ = {isa = PBXFileReference; lastKnownFileType = image.png; path = 1_1_100.png; sourceTree = "<group>"; };
		FA06FD041462DE2E002877D1 /* MyNavController.h */ = {isa = PBXFileReference; fileEncoding = 4; lastKnownFileType = sourcecode.c.h; path = MyNavController.h; sourceTree = "<group>"; };
		FA06FD051462DE2E002877D1 /* MyNavController.m */ = {isa = PBXFileReference; fileEncoding = 4; lastKnownFileType = sourcecode.c.objc; path = MyNavController.m; sourceTree = "<group>"; };
		FA0BE31F1428F01900F0D595 /* Рецепты от Шеф-повара.app */ = {isa = PBXFileReference; explicitFileType = wrapper.application; includeInIndex = 0; path = "Рецепты от Шеф-повара.app"; sourceTree = BUILT_PRODUCTS_DIR; };
		FA0BE3231428F01900F0D595 /* UIKit.framework */ = {isa = PBXFileReference; lastKnownFileType = wrapper.framework; name = UIKit.framework; path = System/Library/Frameworks/UIKit.framework; sourceTree = SDKROOT; };
		FA0BE3251428F01900F0D595 /* Foundation.framework */ = {isa = PBXFileReference; lastKnownFileType = wrapper.framework; name = Foundation.framework; path = System/Library/Frameworks/Foundation.framework; sourceTree = SDKROOT; };
		FA0BE3271428F01900F0D595 /* CoreGraphics.framework */ = {isa = PBXFileReference; lastKnownFileType = wrapper.framework; name = CoreGraphics.framework; path = System/Library/Frameworks/CoreGraphics.framework; sourceTree = SDKROOT; };
		FA0BE32B1428F01900F0D595 /* Recipes_-Info.plist */ = {isa = PBXFileReference; lastKnownFileType = text.plist.xml; path = "Recipes_-Info.plist"; sourceTree = "<group>"; };
		FA0BE32D1428F01900F0D595 /* en */ = {isa = PBXFileReference; lastKnownFileType = text.plist.strings; name = en; path = en.lproj/InfoPlist.strings; sourceTree = "<group>"; };
		FA0BE32F1428F01900F0D595 /* Recipes_-Prefix.pch */ = {isa = PBXFileReference; lastKnownFileType = sourcecode.c.h; path = "Recipes_-Prefix.pch"; sourceTree = "<group>"; };
		FA0BE3301428F01900F0D595 /* main.m */ = {isa = PBXFileReference; lastKnownFileType = sourcecode.c.objc; path = main.m; sourceTree = "<group>"; };
		FA0BE3321428F01900F0D595 /* Recipes_AppDelegate.h */ = {isa = PBXFileReference; lastKnownFileType = sourcecode.c.h; path = Recipes_AppDelegate.h; sourceTree = "<group>"; };
		FA0BE3331428F01900F0D595 /* Recipes_AppDelegate.m */ = {isa = PBXFileReference; lastKnownFileType = sourcecode.c.objc; path = Recipes_AppDelegate.m; sourceTree = "<group>"; };
		FA0BE3361428F01900F0D595 /* en */ = {isa = PBXFileReference; lastKnownFileType = file.xib; name = en; path = en.lproj/MainWindow.xib; sourceTree = "<group>"; };
		FA0BE36B1428F1F000F0D595 /* Recipe.h */ = {isa = PBXFileReference; fileEncoding = 4; lastKnownFileType = sourcecode.c.h; path = Recipe.h; sourceTree = "<group>"; };
		FA0BE36C1428F1F000F0D595 /* Recipe.m */ = {isa = PBXFileReference; fileEncoding = 4; lastKnownFileType = sourcecode.c.objc; path = Recipe.m; sourceTree = "<group>"; };
		FA0BE36E1428F1FE00F0D595 /* Pack.h */ = {isa = PBXFileReference; fileEncoding = 4; lastKnownFileType = sourcecode.c.h; path = Pack.h; sourceTree = "<group>"; };
		FA0BE36F1428F1FE00F0D595 /* Pack.m */ = {isa = PBXFileReference; fileEncoding = 4; lastKnownFileType = sourcecode.c.objc; path = Pack.m; sourceTree = "<group>"; };
		FA0BE3761428F98600F0D595 /* Recipes_ViewController.h */ = {isa = PBXFileReference; fileEncoding = 4; lastKnownFileType = sourcecode.c.h; path = Recipes_ViewController.h; sourceTree = "<group>"; };
		FA0BE3771428F98600F0D595 /* Recipes_ViewController.m */ = {isa = PBXFileReference; fileEncoding = 4; lastKnownFileType = sourcecode.c.objc; path = Recipes_ViewController.m; sourceTree = "<group>"; };
		FA0BE3781428F98600F0D595 /* Recipes_ViewController.xib */ = {isa = PBXFileReference; fileEncoding = 4; lastKnownFileType = file.xib; path = Recipes_ViewController.xib; sourceTree = "<group>"; };
		FA0BE38B142906AF00F0D595 /* VideosViewController.h */ = {isa = PBXFileReference; fileEncoding = 4; lastKnownFileType = sourcecode.c.h; path = VideosViewController.h; sourceTree = "<group>"; };
		FA0BE38C142906AF00F0D595 /* VideosViewController.m */ = {isa = PBXFileReference; fileEncoding = 4; lastKnownFileType = sourcecode.c.objc; path = VideosViewController.m; sourceTree = "<group>"; };
		FA0BE38D142906AF00F0D595 /* VideosViewController.xib */ = {isa = PBXFileReference; fileEncoding = 4; lastKnownFileType = file.xib; path = VideosViewController.xib; sourceTree = "<group>"; };
		FA0BE390142906C000F0D595 /* AnonsViewController.h */ = {isa = PBXFileReference; fileEncoding = 4; lastKnownFileType = sourcecode.c.h; path = AnonsViewController.h; sourceTree = "<group>"; };
		FA0BE391142906C000F0D595 /* AnonsViewController.m */ = {isa = PBXFileReference; fileEncoding = 4; lastKnownFileType = sourcecode.c.objc; path = AnonsViewController.m; sourceTree = "<group>"; };
		FA0BE392142906C000F0D595 /* AnonsViewController.xib */ = {isa = PBXFileReference; fileEncoding = 4; lastKnownFileType = file.xib; path = AnonsViewController.xib; sourceTree = "<group>"; };
		FA0BE395142906CD00F0D595 /* MoreViewController.h */ = {isa = PBXFileReference; fileEncoding = 4; lastKnownFileType = sourcecode.c.h; path = MoreViewController.h; sourceTree = "<group>"; };
		FA0BE396142906CE00F0D595 /* MoreViewController.m */ = {isa = PBXFileReference; fileEncoding = 4; lastKnownFileType = sourcecode.c.objc; path = MoreViewController.m; sourceTree = "<group>"; };
		FA0BE397142906CE00F0D595 /* MoreViewController.xib */ = {isa = PBXFileReference; fileEncoding = 4; lastKnownFileType = file.xib; path = MoreViewController.xib; sourceTree = "<group>"; };
		FA1A5C591491FA16001F5C57 /* 2set.png */ = {isa = PBXFileReference; lastKnownFileType = image.png; path = 2set.png; sourceTree = "<group>"; };
		FA1A5C601491FAD8001F5C57 /* 2_1_1.png */ = {isa = PBXFileReference; lastKnownFileType = image.png; path = 2_1_1.png; sourceTree = "<group>"; };
		FA1A5C611491FAD8001F5C57 /* 2_1_2.png */ = {isa = PBXFileReference; lastKnownFileType = image.png; path = 2_1_2.png; sourceTree = "<group>"; };
		FA1A5C621491FAD8001F5C57 /* 2_1_3.png */ = {isa = PBXFileReference; lastKnownFileType = image.png; path = 2_1_3.png; sourceTree = "<group>"; };
		FA1A5C631491FAD8001F5C57 /* 2_1_4.png */ = {isa = PBXFileReference; lastKnownFileType = image.png; path = 2_1_4.png; sourceTree = "<group>"; };
		FA1A5C641491FAD8001F5C57 /* 2_1_5.png */ = {isa = PBXFileReference; lastKnownFileType = image.png; path = 2_1_5.png; sourceTree = "<group>"; };
		FA1A5C651491FAD8001F5C57 /* 2_1_6.png */ = {isa = PBXFileReference; lastKnownFileType = image.png; path = 2_1_6.png; sourceTree = "<group>"; };
		FA1A5C661491FAD8001F5C57 /* 2_1_7.png */ = {isa = PBXFileReference; lastKnownFileType = image.png; path = 2_1_7.png; sourceTree = "<group>"; };
		FA1A5C671491FAD8001F5C57 /* 2_1_100.png */ = {isa = PBXFileReference; lastKnownFileType = image.png; path = 2_1_100.png; sourceTree = "<group>"; };
		FA1A5C681491FAD8001F5C57 /* 2_1_ingreds.png */ = {isa = PBXFileReference; lastKnownFileType = image.png; path = 2_1_ingreds.png; sourceTree = "<group>"; };
		FA1A5C72149201DF001F5C57 /* 2_2_1.png */ = {isa = PBXFileReference; lastKnownFileType = image.png; path = 2_2_1.png; sourceTree = "<group>"; };
		FA1A5C73149201DF001F5C57 /* 2_2_2.png */ = {isa = PBXFileReference; lastKnownFileType = image.png; path = 2_2_2.png; sourceTree = "<group>"; };
		FA1A5C74149201DF001F5C57 /* 2_2_3.png */ = {isa = PBXFileReference; lastKnownFileType = image.png; path = 2_2_3.png; sourceTree = "<group>"; };
		FA1A5C75149201DF001F5C57 /* 2_2_4.png */ = {isa = PBXFileReference; lastKnownFileType = image.png; path = 2_2_4.png; sourceTree = "<group>"; };
		FA1A5C76149201DF001F5C57 /* 2_2_5.png */ = {isa = PBXFileReference; lastKnownFileType = image.png; path = 2_2_5.png; sourceTree = "<group>"; };
		FA1A5C77149201DF001F5C57 /* 2_2_6.png */ = {isa = PBXFileReference; lastKnownFileType = image.png; path = 2_2_6.png; sourceTree = "<group>"; };
		FA1A5C78149201DF001F5C57 /* 2_2_100.png */ = {isa = PBXFileReference; lastKnownFileType = image.png; path = 2_2_100.png; sourceTree = "<group>"; };
		FA1A5C7A149201DF001F5C57 /* 2_2_ingreds.png */ = {isa = PBXFileReference; lastKnownFileType = image.png; path = 2_2_ingreds.png; sourceTree = "<group>"; };
		FA1A5C841492044E001F5C57 /* 2_3_ingreds.png */ = {isa = PBXFileReference; lastKnownFileType = image.png; path = 2_3_ingreds.png; sourceTree = "<group>"; };
		FA1A5C8614920455001F5C57 /* 2_3_1.png */ = {isa = PBXFileReference; lastKnownFileType = image.png; path = 2_3_1.png; sourceTree = "<group>"; };
		FA1A5C8714920455001F5C57 /* 2_3_2.png */ = {isa = PBXFileReference; lastKnownFileType = image.png; path = 2_3_2.png; sourceTree = "<group>"; };
		FA1A5C8814920455001F5C57 /* 2_3_3.png */ = {isa = PBXFileReference; lastKnownFileType = image.png; path = 2_3_3.png; sourceTree = "<group>"; };
		FA1A5C8A14920455001F5C57 /* 2_3_5.png */ = {isa = PBXFileReference; lastKnownFileType = image.png; path = 2_3_5.png; sourceTree = "<group>"; };
		FA1A5C8B14920455001F5C57 /* 2_3_6.png */ = {isa = PBXFileReference; lastKnownFileType = image.png; path = 2_3_6.png; sourceTree = "<group>"; };
		FA1A5C8C14920455001F5C57 /* 2_3_7.png */ = {isa = PBXFileReference; lastKnownFileType = image.png; path = 2_3_7.png; sourceTree = "<group>"; };
		FA1A5C8D14920455001F5C57 /* 2_3_100.png */ = {isa = PBXFileReference; lastKnownFileType = image.png; path = 2_3_100.png; sourceTree = "<group>"; };
		FA1A5C9614920485001F5C57 /* 2_3_4.png */ = {isa = PBXFileReference; lastKnownFileType = image.png; path = 2_3_4.png; sourceTree = "<group>"; };
		FA1A5C98149206FC001F5C57 /* 2_4_1.png */ = {isa = PBXFileReference; lastKnownFileType = image.png; path = 2_4_1.png; sourceTree = "<group>"; };
		FA1A5C99149206FC001F5C57 /* 2_4_2.png */ = {isa = PBXFileReference; lastKnownFileType = image.png; path = 2_4_2.png; sourceTree = "<group>"; };
		FA1A5C9A149206FC001F5C57 /* 2_4_3.png */ = {isa = PBXFileReference; lastKnownFileType = image.png; path = 2_4_3.png; sourceTree = "<group>"; };
		FA1A5C9B149206FC001F5C57 /* 2_4_4.png */ = {isa = PBXFileReference; lastKnownFileType = image.png; path = 2_4_4.png; sourceTree = "<group>"; };
		FA1A5C9C149206FC001F5C57 /* 2_4_5.png */ = {isa = PBXFileReference; lastKnownFileType = image.png; path = 2_4_5.png; sourceTree = "<group>"; };
		FA1A5C9D149206FC001F5C57 /* 2_4_6.png */ = {isa = PBXFileReference; lastKnownFileType = image.png; path = 2_4_6.png; sourceTree = "<group>"; };
		FA1A5C9E149206FC001F5C57 /* 2_4_7.png */ = {isa = PBXFileReference; lastKnownFileType = image.png; path = 2_4_7.png; sourceTree = "<group>"; };
		FA1A5C9F149206FC001F5C57 /* 2_4_ingreds.png */ = {isa = PBXFileReference; lastKnownFileType = image.png; path = 2_4_ingreds.png; sourceTree = "<group>"; };
		FA1A5CA0149206FC001F5C57 /* 2_4_100.png */ = {isa = PBXFileReference; lastKnownFileType = image.png; path = 2_4_100.png; sourceTree = "<group>"; };
		FA1A5CAA14920926001F5C57 /* 2_2_7.png */ = {isa = PBXFileReference; lastKnownFileType = image.png; path = 2_2_7.png; sourceTree = "<group>"; };
		FA3633A81471ADBB00F70DC7 /* Default@2x.png */ = {isa = PBXFileReference; lastKnownFileType = image.png; path = "Default@2x.png"; sourceTree = "<group>"; };
		FA3633AA1471AE1C00F70DC7 /* Default.png */ = {isa = PBXFileReference; lastKnownFileType = image.png; path = Default.png; sourceTree = "<group>"; };
		FA6A02E7149215D000DFC185 /* 1-ось.png */ = {isa = PBXFileReference; lastKnownFileType = image.png; path = "1-ось.png"; sourceTree = "<group>"; };
		FA6A02E8149215D000DFC185 /* 2-ньекки.png */ = {isa = PBXFileReference; lastKnownFileType = image.png; path = "2-ньекки.png"; sourceTree = "<group>"; };
		FA6A02E9149215D000DFC185 /* 3-дорадо.png */ = {isa = PBXFileReference; lastKnownFileType = image.png; path = "3-дорадо.png"; sourceTree = "<group>"; };
		FA6A02EA149215D000DFC185 /* 4-мусс.png */ = {isa = PBXFileReference; lastKnownFileType = image.png; path = "4-мусс.png"; sourceTree = "<group>"; };
		FA754062142B994A002A70AE /* OneRecipeViewController.h */ = {isa = PBXFileReference; fileEncoding = 4; lastKnownFileType = sourcecode.c.h; path = OneRecipeViewController.h; sourceTree = "<group>"; };
		FA754063142B994A002A70AE /* OneRecipeViewController.m */ = {isa = PBXFileReference; fileEncoding = 4; lastKnownFileType = sourcecode.c.objc; path = OneRecipeViewController.m; sourceTree = "<group>"; };
		FA754064142B994A002A70AE /* OneRecipeViewController.xib */ = {isa = PBXFileReference; fileEncoding = 4; lastKnownFileType = file.xib; path = OneRecipeViewController.xib; sourceTree = "<group>"; };
		FA80B2C31490FCDA008513F0 /* anons_salat_roastbeef.png */ = {isa = PBXFileReference; lastKnownFileType = image.png; path = anons_salat_roastbeef.png; sourceTree = "<group>"; };
		FA80B2C41490FCDA008513F0 /* anons_govyadina.png */ = {isa = PBXFileReference; lastKnownFileType = image.png; path = anons_govyadina.png; sourceTree = "<group>"; };
		FA80B2C51490FCDA008513F0 /* anons_boloniese.png */ = {isa = PBXFileReference; lastKnownFileType = image.png; path = anons_boloniese.png; sourceTree = "<group>"; };
		FA80B2C61490FCDA008513F0 /* anons_tiramisu.png */ = {isa = PBXFileReference; lastKnownFileType = image.png; path = anons_tiramisu.png; sourceTree = "<group>"; };
		FA80B2C71490FCDA008513F0 /* anons_karpacho.png */ = {isa = PBXFileReference; lastKnownFileType = image.png; path = anons_karpacho.png; sourceTree = "<group>"; };
		FA80B2C81490FCDA008513F0 /* anons_spag_buff.png */ = {isa = PBXFileReference; lastKnownFileType = image.png; path = anons_spag_buff.png; sourceTree = "<group>"; };
		FA80B2C91490FCDA008513F0 /* anons_flan.png */ = {isa = PBXFileReference; lastKnownFileType = image.png; path = anons_flan.png; sourceTree = "<group>"; };
		FA80B2CA1490FCDA008513F0 /* anons_tunez.png */ = {isa = PBXFileReference; lastKnownFileType = image.png; path = anons_tunez.png; sourceTree = "<group>"; };
		FA86EE0F14742E1A0086DC73 /* test_image.png */ = {isa = PBXFileReference; lastKnownFileType = image.png; path = test_image.png; sourceTree = "<group>"; };
		FA88FAD3148D37D700EED513 /* iTunesArtwork */ = {isa = PBXFileReference; lastKnownFileType = file; name = iTunesArtwork; path = Recipes_/iTunesArtwork; sourceTree = "<group>"; };
		FA88FAD7148D380500EED513 /* 57.png */ = {isa = PBXFileReference; lastKnownFileType = image.png; path = 57.png; sourceTree = "<group>"; };
		FA88FAD9148D382500EED513 /* 114.png */ = {isa = PBXFileReference; lastKnownFileType = image.png; path = 114.png; sourceTree = "<group>"; };
		FA88FADB148D384B00EED513 /* ingred_photo.png */ = {isa = PBXFileReference; lastKnownFileType = image.png; path = ingred_photo.png; sourceTree = "<group>"; };
		FA88FADC148D384B00EED513 /* ingred.png */ = {isa = PBXFileReference; lastKnownFileType = image.png; path = ingred.png; sourceTree = "<group>"; };
		FA88FADF148D3C0200EED513 /* example3.png */ = {isa = PBXFileReference; lastKnownFileType = image.png; path = example3.png; sourceTree = "<group>"; };
		FA88FAE1148D404300EED513 /* 1_1_ingreds.png */ = {isa = PBXFileReference; lastKnownFileType = image.png; path = 1_1_ingreds.png; sourceTree = "<group>"; };
		FA8FAFD214890CB900677E75 /* example1.png */ = {isa = PBXFileReference; lastKnownFileType = image.png; path = example1.png; sourceTree = "<group>"; };
		FA8FAFD314890CB900677E75 /* example2.png */ = {isa = PBXFileReference; lastKnownFileType = image.png; path = example2.png; sourceTree = "<group>"; };
		FA8FAFD614890CE100677E75 /* back-center.png */ = {isa = PBXFileReference; lastKnownFileType = image.png; path = "back-center.png"; sourceTree = "<group>"; };
		FA8FAFD714890CE100677E75 /* back-steps.png */ = {isa = PBXFileReference; lastKnownFileType = image.png; path = "back-steps.png"; sourceTree = "<group>"; };
		FA8FAFD814890CE100677E75 /* bottom-back-center.png */ = {isa = PBXFileReference; lastKnownFileType = image.png; path = "bottom-back-center.png"; sourceTree = "<group>"; };
		FA8FAFD914890CE200677E75 /* ingred_photo(old).png */ = {isa = PBXFileReference; lastKnownFileType = image.png; path = "ingred_photo(old).png"; sourceTree = "<group>"; };
		FA8FAFDA14890CE200677E75 /* top-back-center.png */ = {isa = PBXFileReference; lastKnownFileType = image.png; path = "top-back-center.png"; sourceTree = "<group>"; };
		FA8FAFE014890CF200677E75 /* ingred(old).png */ = {isa = PBXFileReference; lastKnownFileType = image.png; path = "ingred(old).png"; sourceTree = "<group>"; };
		FA99034E1499042C00EF0997 /* ourthanks.png */ = {isa = PBXFileReference; lastKnownFileType = image.png; path = ourthanks.png; sourceTree = "<group>"; };
		FA9903511499043500EF0997 /* oproekte.png */ = {isa = PBXFileReference; lastKnownFileType = image.png; path = oproekte.png; sourceTree = "<group>"; };
		FAACBE22146D74360022E9A9 /* line.png */ = {isa = PBXFileReference; lastKnownFileType = image.png; path = line.png; sourceTree = "<group>"; };
		FAAF1FAC146C2DB30060E5C8 /* About_project_big.png */ = {isa = PBXFileReference; lastKnownFileType = image.png; path = About_project_big.png; sourceTree = "<group>"; };
		FAAF1FAD146C2DB30060E5C8 /* About_project.png */ = {isa = PBXFileReference; lastKnownFileType = image.png; path = About_project.png; sourceTree = "<group>"; };
		FAAF1FAE146C2DB30060E5C8 /* Anons_big.png */ = {isa = PBXFileReference; lastKnownFileType = image.png; path = Anons_big.png; sourceTree = "<group>"; };
		FAAF1FAF146C2DB30060E5C8 /* Anons.png */ = {isa = PBXFileReference; lastKnownFileType = image.png; path = Anons.png; sourceTree = "<group>"; };
		FAAF1FB0146C2DB30060E5C8 /* Our_thanks_big.png */ = {isa = PBXFileReference; lastKnownFileType = image.png; path = Our_thanks_big.png; sourceTree = "<group>"; };
		FAAF1FB1146C2DB30060E5C8 /* Our_thanks.png */ = {isa = PBXFileReference; lastKnownFileType = image.png; path = Our_thanks.png; sourceTree = "<group>"; };
		FAAF1FB2146C2DB30060E5C8 /* Recipes_big.png */ = {isa = PBXFileReference; lastKnownFileType = image.png; path = Recipes_big.png; sourceTree = "<group>"; };
		FAAF1FB3146C2DB30060E5C8 /* Recipes.png */ = {isa = PBXFileReference; lastKnownFileType = image.png; path = Recipes.png; sourceTree = "<group>"; };
		FAB9E299142A4B1800BACCDB /* categories.plist */ = {isa = PBXFileReference; fileEncoding = 4; lastKnownFileType = text.plist.xml; path = categories.plist; sourceTree = "<group>"; };
		FAB9E29E142A4B2D00BACCDB /* instruments.plist */ = {isa = PBXFileReference; fileEncoding = 4; lastKnownFileType = text.plist.xml; path = instruments.plist; sourceTree = "<group>"; };
		FAB9E2AF142A6A4900BACCDB /* OnePackViewController.h */ = {isa = PBXFileReference; fileEncoding = 4; lastKnownFileType = sourcecode.c.h; path = OnePackViewController.h; sourceTree = "<group>"; };
		FAB9E2B0142A6A4900BACCDB /* OnePackViewController.m */ = {isa = PBXFileReference; fileEncoding = 4; lastKnownFileType = sourcecode.c.objc; path = OnePackViewController.m; sourceTree = "<group>"; };
		FAB9E2B1142A6A4900BACCDB /* OnePackViewController.xib */ = {isa = PBXFileReference; fileEncoding = 4; lastKnownFileType = file.xib; path = OnePackViewController.xib; sourceTree = "<group>"; };
		FAB9E2BC142A761600BACCDB /* QuartzCore.framework */ = {isa = PBXFileReference; lastKnownFileType = wrapper.framework; name = QuartzCore.framework; path = System/Library/Frameworks/QuartzCore.framework; sourceTree = SDKROOT; };
		FABC88AB1496774A00E526BB /* oproekte_ver4.png */ = {isa = PBXFileReference; lastKnownFileType = image.png; path = oproekte_ver4.png; sourceTree = "<group>"; };
		FAC7A2F8146C835F005FDE43 /* background.png */ = {isa = PBXFileReference; lastKnownFileType = image.png; path = background.png; sourceTree = "<group>"; };
		FAC7A2FA146C836B005FDE43 /* back2.png */ = {isa = PBXFileReference; lastKnownFileType = image.png; path = back2.png; sourceTree = "<group>"; };
		FAC7A2FB146C836B005FDE43 /* background_and_back2.png */ = {isa = PBXFileReference; lastKnownFileType = image.png; path = background_and_back2.png; sourceTree = "<group>"; };
		FAC7A2FE146C8376005FDE43 /* Пример-экрана.png */ = {isa = PBXFileReference; lastKnownFileType = image.png; path = "Пример-экрана.png"; sourceTree = "<group>"; };
		FAC7A300146C84B0005FDE43 /* 1-креветки.png */ = {isa = PBXFileReference; lastKnownFileType = image.png; path = "1-креветки.png"; sourceTree = "<group>"; };
		FAC7A301146C84B0005FDE43 /* 2-фитучини.png */ = {isa = PBXFileReference; lastKnownFileType = image.png; path = "2-фитучини.png"; sourceTree = "<group>"; };
		FAC7A302146C84B0005FDE43 /* 3-мясо.png */ = {isa = PBXFileReference; lastKnownFileType = image.png; path = "3-мясо.png"; sourceTree = "<group>"; };
		FAC7A303146C84B0005FDE43 /* 4-семифредо.png */ = {isa = PBXFileReference; lastKnownFileType = image.png; path = "4-семифредо.png"; sourceTree = "<group>"; };
		FAC7A30A146C8807005FDE43 /* segoepr.ttf */ = {isa = PBXFileReference; lastKnownFileType = file; path = segoepr.ttf; sourceTree = "<group>"; };
		FAC7A30B146C8807005FDE43 /* segoeprb.ttf */ = {isa = PBXFileReference; lastKnownFileType = file; path = segoeprb.ttf; sourceTree = "<group>"; };
		FADF312C14914B8100F9DE5A /* 1_2_1.png */ = {isa = PBXFileReference; lastKnownFileType = image.png; path = 1_2_1.png; sourceTree = "<group>"; };
		FADF312D14914B8100F9DE5A /* 1_2_2.png */ = {isa = PBXFileReference; lastKnownFileType = image.png; path = 1_2_2.png; sourceTree = "<group>"; };
		FADF312E14914B8100F9DE5A /* 1_2_3.png */ = {isa = PBXFileReference; lastKnownFileType = image.png; path = 1_2_3.png; sourceTree = "<group>"; };
		FADF312F14914B8100F9DE5A /* 1_2_4.png */ = {isa = PBXFileReference; lastKnownFileType = image.png; path = 1_2_4.png; sourceTree = "<group>"; };
		FADF313014914B8100F9DE5A /* 1_2_5.png */ = {isa = PBXFileReference; lastKnownFileType = image.png; path = 1_2_5.png; sourceTree = "<group>"; };
		FADF313114914B8100F9DE5A /* 1_2_6.png */ = {isa = PBXFileReference; lastKnownFileType = image.png; path = 1_2_6.png; sourceTree = "<group>"; };
		FADF313214914B8100F9DE5A /* 1_2_7.png */ = {isa = PBXFileReference; lastKnownFileType = image.png; path = 1_2_7.png; sourceTree = "<group>"; };
		FADF313314914B8100F9DE5A /* 1_2_ingreds.png */ = {isa = PBXFileReference; lastKnownFileType = image.png; path = 1_2_ingreds.png; sourceTree = "<group>"; };
		FADF313414914B8100F9DE5A /* 1_2_100.png */ = {isa = PBXFileReference; lastKnownFileType = image.png; path = 1_2_100.png; sourceTree = "<group>"; };
		FADF313F1491524700F9DE5A /* 1_3_1.png */ = {isa = PBXFileReference; lastKnownFileType = image.png; path = 1_3_1.png; sourceTree = "<group>"; };
		FADF31401491524700F9DE5A /* 1_3_2.png */ = {isa = PBXFileReference; lastKnownFileType = image.png; path = 1_3_2.png; sourceTree = "<group>"; };
		FADF31411491524700F9DE5A /* 1_3_3.png */ = {isa = PBXFileReference; lastKnownFileType = image.png; path = 1_3_3.png; sourceTree = "<group>"; };
		FADF31421491524700F9DE5A /* 1_3_4.png */ = {isa = PBXFileReference; lastKnownFileType = image.png; path = 1_3_4.png; sourceTree = "<group>"; };
		FADF31431491524700F9DE5A /* 1_3_5.png */ = {isa = PBXFileReference; lastKnownFileType = image.png; path = 1_3_5.png; sourceTree = "<group>"; };
		FADF31441491524700F9DE5A /* 1_3_6.png */ = {isa = PBXFileReference; lastKnownFileType = image.png; path = 1_3_6.png; sourceTree = "<group>"; };
		FADF31451491524700F9DE5A /* 1_3_7.png */ = {isa = PBXFileReference; lastKnownFileType = image.png; path = 1_3_7.png; sourceTree = "<group>"; };
		FADF31461491524700F9DE5A /* 1_3_100.png */ = {isa = PBXFileReference; lastKnownFileType = image.png; path = 1_3_100.png; sourceTree = "<group>"; };
		FADF31471491524700F9DE5A /* 1_3_ingreds.png */ = {isa = PBXFileReference; lastKnownFileType = image.png; path = 1_3_ingreds.png; sourceTree = "<group>"; };
		FADF31511491604A00F9DE5A /* 1_4_1.png */ = {isa = PBXFileReference; lastKnownFileType = image.png; path = 1_4_1.png; sourceTree = "<group>"; };
		FADF31521491604A00F9DE5A /* 1_4_2.png */ = {isa = PBXFileReference; lastKnownFileType = image.png; path = 1_4_2.png; sourceTree = "<group>"; };
		FADF31531491604A00F9DE5A /* 1_4_3.png */ = {isa = PBXFileReference; lastKnownFileType = image.png; path = 1_4_3.png; sourceTree = "<group>"; };
		FADF31551491604A00F9DE5A /* 1_4_5.png */ = {isa = PBXFileReference; lastKnownFileType = image.png; path = 1_4_5.png; sourceTree = "<group>"; };
		FADF31561491604A00F9DE5A /* 1_4_6.png */ = {isa = PBXFileReference; lastKnownFileType = image.png; path = 1_4_6.png; sourceTree = "<group>"; };
		FADF31571491604A00F9DE5A /* 1_4_7.png */ = {isa = PBXFileReference; lastKnownFileType = image.png; path = 1_4_7.png; sourceTree = "<group>"; };
		FADF31581491604A00F9DE5A /* 1_4_ingreds.png */ = {isa = PBXFileReference; lastKnownFileType = image.png; path = 1_4_ingreds.png; sourceTree = "<group>"; };
		FADF31591491604A00F9DE5A /* 1_4_100.png */ = {isa = PBXFileReference; lastKnownFileType = image.png; path = 1_4_100.png; sourceTree = "<group>"; };
		FADF3165149160DE00F9DE5A /* 1_4_4.png */ = {isa = PBXFileReference; lastKnownFileType = image.png; path = 1_4_4.png; sourceTree = "<group>"; };
		FADF6398145D5D4000DDCD02 /* CrossButton.h */ = {isa = PBXFileReference; fileEncoding = 4; lastKnownFileType = sourcecode.c.h; path = CrossButton.h; sourceTree = "<group>"; };
		FADF6399145D5D4000DDCD02 /* CrossButton.m */ = {isa = PBXFileReference; fileEncoding = 4; lastKnownFileType = sourcecode.c.objc; path = CrossButton.m; sourceTree = "<group>"; };
		FADF63A1145DB63200DDCD02 /* MyTabBarController.h */ = {isa = PBXFileReference; fileEncoding = 4; lastKnownFileType = sourcecode.c.h; path = MyTabBarController.h; sourceTree = "<group>"; };
		FADF63A2145DB63200DDCD02 /* MyTabBarController.m */ = {isa = PBXFileReference; fileEncoding = 4; lastKnownFileType = sourcecode.c.objc; path = MyTabBarController.m; sourceTree = "<group>"; };
		FAE9D52B1490945A002074CC /* 1set.png */ = {isa = PBXFileReference; lastKnownFileType = image.png; path = 1set.png; sourceTree = "<group>"; };
		FAF1D2AE1492A14F007527FB /* ourthanks_ver5.png */ = {isa = PBXFileReference; lastKnownFileType = image.png; path = ourthanks_ver5.png; sourceTree = "<group>"; };
/* End PBXFileReference section */

/* Begin PBXFrameworksBuildPhase section */
		FA0BE31C1428F01900F0D595 /* Frameworks */ = {
			isa = PBXFrameworksBuildPhase;
			buildActionMask = 2147483647;
			files = (
				FAB9E2BD142A761600BACCDB /* QuartzCore.framework in Frameworks */,
				FA0BE3241428F01900F0D595 /* UIKit.framework in Frameworks */,
				FA0BE3261428F01900F0D595 /* Foundation.framework in Frameworks */,
				FA0BE3281428F01900F0D595 /* CoreGraphics.framework in Frameworks */,
			);
			runOnlyForDeploymentPostprocessing = 0;
		};
/* End PBXFrameworksBuildPhase section */

/* Begin PBXGroup section */
		DD9C983A14B2BCF900FA7056 /* en.lproj */ = {
			isa = PBXGroup;
			children = (
				DD9C985914B2C3EB00FA7056 /* anons.plist */,
				DD9C985B14B2C3EB00FA7056 /* recipes.plist */,
				DD9C985614B2C2CE00FA7056 /* groups.plist */,
				DD9C983B14B2BCF900FA7056 /* InfoPlist.strings */,
				DD9C983D14B2BCF900FA7056 /* ingredients.plist */,
				DD9C983F14B2BCF900FA7056 /* MainWindow.xib */,
			);
			path = en.lproj;
			sourceTree = "<group>";
		};
		DD9C984414B2BD1000FA7056 /* ru.lproj */ = {
			isa = PBXGroup;
			children = (
				DD9C985F14B2C40600FA7056 /* anons.plist */,
				DD9C986114B2C40600FA7056 /* recipes.plist */,
				DD9C985314B2C2B300FA7056 /* groups.plist */,
				DD9C984514B2BD1000FA7056 /* InfoPlist.strings */,
				DD9C984714B2BD1000FA7056 /* ingredients.plist */,
				DD9C984914B2BD1000FA7056 /* MainWindow.xib */,
			);
			path = ru.lproj;
			sourceTree = "<group>";
		};
		FA0BE3141428F01900F0D595 = {
			isa = PBXGroup;
			children = (
				FA88FAD3148D37D700EED513 /* iTunesArtwork */,
				FA88FAD9148D382500EED513 /* 114.png */,
				FA88FAD7148D380500EED513 /* 57.png */,
				FA3633AA1471AE1C00F70DC7 /* Default.png */,
				FA3633A81471ADBB00F70DC7 /* Default@2x.png */,
				FA0BE3291428F01900F0D595 /* Recipes_ */,
				FA0BE3221428F01900F0D595 /* Frameworks */,
				FA0BE3201428F01900F0D595 /* Products */,
			);
			sourceTree = "<group>";
		};
		FA0BE3201428F01900F0D595 /* Products */ = {
			isa = PBXGroup;
			children = (
				FA0BE31F1428F01900F0D595 /* Рецепты от Шеф-повара.app */,
			);
			name = Products;
			sourceTree = "<group>";
		};
		FA0BE3221428F01900F0D595 /* Frameworks */ = {
			isa = PBXGroup;
			children = (
				FAB9E2BC142A761600BACCDB /* QuartzCore.framework */,
				FA0BE3231428F01900F0D595 /* UIKit.framework */,
				FA0BE3251428F01900F0D595 /* Foundation.framework */,
				FA0BE3271428F01900F0D595 /* CoreGraphics.framework */,
			);
			name = Frameworks;
			sourceTree = "<group>";
		};
		FA0BE3291428F01900F0D595 /* Recipes_ */ = {
			isa = PBXGroup;
			children = (
				DD9C984414B2BD1000FA7056 /* ru.lproj */,
				DD9C983A14B2BCF900FA7056 /* en.lproj */,
				FA0BE35E1428F02A00F0D595 /* resources */,
				FA0BE35D1428F02700F0D595 /* classes */,
				FA0BE35C1428F02300F0D595 /* VCs */,
				FA0BE3321428F01900F0D595 /* Recipes_AppDelegate.h */,
				FA0BE3331428F01900F0D595 /* Recipes_AppDelegate.m */,
				FA0BE3351428F01900F0D595 /* MainWindow.xib */,
				FA0BE32A1428F01900F0D595 /* Supporting Files */,
			);
			path = Recipes_;
			sourceTree = "<group>";
		};
		FA0BE32A1428F01900F0D595 /* Supporting Files */ = {
			isa = PBXGroup;
			children = (
				FA0BE32B1428F01900F0D595 /* Recipes_-Info.plist */,
				FA0BE32C1428F01900F0D595 /* InfoPlist.strings */,
				FA0BE32F1428F01900F0D595 /* Recipes_-Prefix.pch */,
				FA0BE3301428F01900F0D595 /* main.m */,
			);
			name = "Supporting Files";
			sourceTree = "<group>";
		};
		FA0BE35C1428F02300F0D595 /* VCs */ = {
			isa = PBXGroup;
			children = (
				FAD6FE74142CBBA3000BAB09 /* NIBs */,
				FA0BE3761428F98600F0D595 /* Recipes_ViewController.h */,
				FA0BE3771428F98600F0D595 /* Recipes_ViewController.m */,
				FA0BE390142906C000F0D595 /* AnonsViewController.h */,
				FA0BE391142906C000F0D595 /* AnonsViewController.m */,
				FA0BE38B142906AF00F0D595 /* VideosViewController.h */,
				FA0BE38C142906AF00F0D595 /* VideosViewController.m */,
				FA0BE395142906CD00F0D595 /* MoreViewController.h */,
				FA0BE396142906CE00F0D595 /* MoreViewController.m */,
				FAB9E2AF142A6A4900BACCDB /* OnePackViewController.h */,
				FAB9E2B0142A6A4900BACCDB /* OnePackViewController.m */,
				FA754062142B994A002A70AE /* OneRecipeViewController.h */,
				FA754063142B994A002A70AE /* OneRecipeViewController.m */,
			);
			name = VCs;
			sourceTree = "<group>";
		};
		FA0BE35D1428F02700F0D595 /* classes */ = {
			isa = PBXGroup;
			children = (
				FA0BE36B1428F1F000F0D595 /* Recipe.h */,
				FA0BE36C1428F1F000F0D595 /* Recipe.m */,
				FA0BE36E1428F1FE00F0D595 /* Pack.h */,
				FA0BE36F1428F1FE00F0D595 /* Pack.m */,
				FADF6398145D5D4000DDCD02 /* CrossButton.h */,
				FADF6399145D5D4000DDCD02 /* CrossButton.m */,
				FADF63A1145DB63200DDCD02 /* MyTabBarController.h */,
				FADF63A2145DB63200DDCD02 /* MyTabBarController.m */,
				FA06FD041462DE2E002877D1 /* MyNavController.h */,
				FA06FD051462DE2E002877D1 /* MyNavController.m */,
			);
			name = classes;
			sourceTree = "<group>";
		};
		FA0BE35E1428F02A00F0D595 /* resources */ = {
			isa = PBXGroup;
			children = (
				FAC7A309146C87F9005FDE43 /* fonts */,
				FA0BE37B142901B400F0D595 /* imgs */,
				FAB9E299142A4B1800BACCDB /* categories.plist */,
				FAB9E29E142A4B2D00BACCDB /* instruments.plist */,
			);
			name = resources;
			sourceTree = "<group>";
		};
		FA0BE37B142901B400F0D595 /* imgs */ = {
			isa = PBXGroup;
			children = (
				FA86EE0F14742E1A0086DC73 /* test_image.png */,
				FA80B2C21490FCAF008513F0 /* anons */,
				FA9FF30414769197002B1E3E /* examples */,
				FA9FF30314769178002B1E3E /* wraps */,
				FA9FF30214769153002B1E3E /* Our_thanks */,
				FA9FF3011476906F002B1E3E /* About_project */,
				FA1C8026146D285600F8BA8C /* sets */,
				FA1A5C5F1491FA2A001F5C57 /* 2_4 */,
				FA1A5C5E1491FA27001F5C57 /* 2_3 */,
				FA1A5C5D1491FA25001F5C57 /* 2_2 */,
				FA1A5C5C1491FA22001F5C57 /* 2_1 */,
				FA1C8025146D281100F8BA8C /* 1_4-семифредо */,
				FA1C8024146D280F00F8BA8C /* 1_3-мясо */,
				FA1C8022146D280B00F8BA8C /* 1_2-фитучини */,
				FAC7A308146C8516005FDE43 /* 1_1-креветки */,
				FAC7A2F7146C834B005FDE43 /* background */,
				FAC7A2F5146C8336005FDE43 /* TabBar icons */,
			);
			name = imgs;
			sourceTree = "<group>";
		};
		FA1A5C5C1491FA22001F5C57 /* 2_1 */ = {
			isa = PBXGroup;
			children = (
				FA6A02E7149215D000DFC185 /* 1-ось.png */,
				FA1A5C681491FAD8001F5C57 /* 2_1_ingreds.png */,
				FA1A5C671491FAD8001F5C57 /* 2_1_100.png */,
				FA1A5C601491FAD8001F5C57 /* 2_1_1.png */,
				FA1A5C611491FAD8001F5C57 /* 2_1_2.png */,
				FA1A5C621491FAD8001F5C57 /* 2_1_3.png */,
				FA1A5C631491FAD8001F5C57 /* 2_1_4.png */,
				FA1A5C641491FAD8001F5C57 /* 2_1_5.png */,
				FA1A5C651491FAD8001F5C57 /* 2_1_6.png */,
				FA1A5C661491FAD8001F5C57 /* 2_1_7.png */,
			);
			name = 2_1;
			sourceTree = "<group>";
		};
		FA1A5C5D1491FA25001F5C57 /* 2_2 */ = {
			isa = PBXGroup;
			children = (
				FA6A02E8149215D000DFC185 /* 2-ньекки.png */,
				FA1A5C7A149201DF001F5C57 /* 2_2_ingreds.png */,
				FA1A5C78149201DF001F5C57 /* 2_2_100.png */,
				FA1A5C72149201DF001F5C57 /* 2_2_1.png */,
				FA1A5C73149201DF001F5C57 /* 2_2_2.png */,
				FA1A5C74149201DF001F5C57 /* 2_2_3.png */,
				FA1A5C75149201DF001F5C57 /* 2_2_4.png */,
				FA1A5C76149201DF001F5C57 /* 2_2_5.png */,
				FA1A5C77149201DF001F5C57 /* 2_2_6.png */,
				FA1A5CAA14920926001F5C57 /* 2_2_7.png */,
			);
			name = 2_2;
			sourceTree = "<group>";
		};
		FA1A5C5E1491FA27001F5C57 /* 2_3 */ = {
			isa = PBXGroup;
			children = (
				FA6A02E9149215D000DFC185 /* 3-дорадо.png */,
				FA1A5C8614920455001F5C57 /* 2_3_1.png */,
				FA1A5C8714920455001F5C57 /* 2_3_2.png */,
				FA1A5C8814920455001F5C57 /* 2_3_3.png */,
				FA1A5C9614920485001F5C57 /* 2_3_4.png */,
				FA1A5C8A14920455001F5C57 /* 2_3_5.png */,
				FA1A5C8B14920455001F5C57 /* 2_3_6.png */,
				FA1A5C8C14920455001F5C57 /* 2_3_7.png */,
				FA1A5C8D14920455001F5C57 /* 2_3_100.png */,
				FA1A5C841492044E001F5C57 /* 2_3_ingreds.png */,
			);
			name = 2_3;
			sourceTree = "<group>";
		};
		FA1A5C5F1491FA2A001F5C57 /* 2_4 */ = {
			isa = PBXGroup;
			children = (
				FA1A5C9F149206FC001F5C57 /* 2_4_ingreds.png */,
				FA1A5CA0149206FC001F5C57 /* 2_4_100.png */,
				FA1A5C98149206FC001F5C57 /* 2_4_1.png */,
				FA1A5C99149206FC001F5C57 /* 2_4_2.png */,
				FA1A5C9A149206FC001F5C57 /* 2_4_3.png */,
				FA1A5C9B149206FC001F5C57 /* 2_4_4.png */,
				FA1A5C9C149206FC001F5C57 /* 2_4_5.png */,
				FA1A5C9D149206FC001F5C57 /* 2_4_6.png */,
				FA1A5C9E149206FC001F5C57 /* 2_4_7.png */,
				FA6A02EA149215D000DFC185 /* 4-мусс.png */,
			);
			name = 2_4;
			sourceTree = "<group>";
		};
		FA1C8022146D280B00F8BA8C /* 1_2-фитучини */ = {
			isa = PBXGroup;
			children = (
				FADF313314914B8100F9DE5A /* 1_2_ingreds.png */,
				FADF313414914B8100F9DE5A /* 1_2_100.png */,
				FADF312C14914B8100F9DE5A /* 1_2_1.png */,
				FADF312D14914B8100F9DE5A /* 1_2_2.png */,
				FADF312E14914B8100F9DE5A /* 1_2_3.png */,
				FADF312F14914B8100F9DE5A /* 1_2_4.png */,
				FADF313014914B8100F9DE5A /* 1_2_5.png */,
				FADF313114914B8100F9DE5A /* 1_2_6.png */,
				FADF313214914B8100F9DE5A /* 1_2_7.png */,
				FAC7A301146C84B0005FDE43 /* 2-фитучини.png */,
			);
			name = "1_2-фитучини";
			sourceTree = "<group>";
		};
		FA1C8024146D280F00F8BA8C /* 1_3-мясо */ = {
			isa = PBXGroup;
			children = (
				FADF31471491524700F9DE5A /* 1_3_ingreds.png */,
				FADF31461491524700F9DE5A /* 1_3_100.png */,
				FADF313F1491524700F9DE5A /* 1_3_1.png */,
				FADF31401491524700F9DE5A /* 1_3_2.png */,
				FADF31411491524700F9DE5A /* 1_3_3.png */,
				FADF31421491524700F9DE5A /* 1_3_4.png */,
				FADF31431491524700F9DE5A /* 1_3_5.png */,
				FADF31441491524700F9DE5A /* 1_3_6.png */,
				FADF31451491524700F9DE5A /* 1_3_7.png */,
				FAC7A302146C84B0005FDE43 /* 3-мясо.png */,
			);
			name = "1_3-мясо";
			sourceTree = "<group>";
		};
		FA1C8025146D281100F8BA8C /* 1_4-семифредо */ = {
			isa = PBXGroup;
			children = (
				FADF31581491604A00F9DE5A /* 1_4_ingreds.png */,
				FADF31591491604A00F9DE5A /* 1_4_100.png */,
				FADF31511491604A00F9DE5A /* 1_4_1.png */,
				FADF31521491604A00F9DE5A /* 1_4_2.png */,
				FADF31531491604A00F9DE5A /* 1_4_3.png */,
				FADF3165149160DE00F9DE5A /* 1_4_4.png */,
				FADF31551491604A00F9DE5A /* 1_4_5.png */,
				FADF31561491604A00F9DE5A /* 1_4_6.png */,
				FADF31571491604A00F9DE5A /* 1_4_7.png */,
				FAC7A303146C84B0005FDE43 /* 4-семифредо.png */,
			);
			name = "1_4-семифредо";
			sourceTree = "<group>";
		};
		FA1C8026146D285600F8BA8C /* sets */ = {
			isa = PBXGroup;
			children = (
				FA1A5C591491FA16001F5C57 /* 2set.png */,
				FAE9D52B1490945A002074CC /* 1set.png */,
			);
			name = sets;
			sourceTree = "<group>";
		};
		FA80B2C21490FCAF008513F0 /* anons */ = {
			isa = PBXGroup;
			children = (
				FA80B2C31490FCDA008513F0 /* anons_salat_roastbeef.png */,
				FA80B2C41490FCDA008513F0 /* anons_govyadina.png */,
				FA80B2C51490FCDA008513F0 /* anons_boloniese.png */,
				FA80B2C61490FCDA008513F0 /* anons_tiramisu.png */,
				FA80B2C71490FCDA008513F0 /* anons_karpacho.png */,
				FA80B2C81490FCDA008513F0 /* anons_spag_buff.png */,
				FA80B2C91490FCDA008513F0 /* anons_flan.png */,
				FA80B2CA1490FCDA008513F0 /* anons_tunez.png */,
			);
			name = anons;
			sourceTree = "<group>";
		};
		FA9FF3011476906F002B1E3E /* About_project */ = {
			isa = PBXGroup;
			children = (
				FA9903511499043500EF0997 /* oproekte.png */,
				FABC88AB1496774A00E526BB /* oproekte_ver4.png */,
			);
			name = About_project;
			sourceTree = "<group>";
		};
		FA9FF30214769153002B1E3E /* Our_thanks */ = {
			isa = PBXGroup;
			children = (
				FA99034E1499042C00EF0997 /* ourthanks.png */,
				FAF1D2AE1492A14F007527FB /* ourthanks_ver5.png */,
			);
			name = Our_thanks;
			sourceTree = "<group>";
		};
		FA9FF30314769178002B1E3E /* wraps */ = {
			isa = PBXGroup;
			children = (
				FA88FADB148D384B00EED513 /* ingred_photo.png */,
				FA88FADC148D384B00EED513 /* ingred.png */,
				FA8FAFE014890CF200677E75 /* ingred(old).png */,
				FA8FAFDA14890CE200677E75 /* top-back-center.png */,
				FA8FAFD614890CE100677E75 /* back-center.png */,
				FA8FAFD814890CE100677E75 /* bottom-back-center.png */,
				FA8FAFD714890CE100677E75 /* back-steps.png */,
				FA8FAFD914890CE200677E75 /* ingred_photo(old).png */,
				FAACBE22146D74360022E9A9 /* line.png */,
			);
			name = wraps;
			sourceTree = "<group>";
		};
		FA9FF30414769197002B1E3E /* examples */ = {
			isa = PBXGroup;
			children = (
				FA88FADF148D3C0200EED513 /* example3.png */,
				FA8FAFD214890CB900677E75 /* example1.png */,
				FA8FAFD314890CB900677E75 /* example2.png */,
				FAC7A2FB146C836B005FDE43 /* background_and_back2.png */,
				FAC7A2FE146C8376005FDE43 /* Пример-экрана.png */,
			);
			name = examples;
			sourceTree = "<group>";
		};
		FAC7A2F5146C8336005FDE43 /* TabBar icons */ = {
			isa = PBXGroup;
			children = (
				FAAF1FAC146C2DB30060E5C8 /* About_project_big.png */,
				FAAF1FAD146C2DB30060E5C8 /* About_project.png */,
				FAAF1FAE146C2DB30060E5C8 /* Anons_big.png */,
				FAAF1FAF146C2DB30060E5C8 /* Anons.png */,
				FAAF1FB0146C2DB30060E5C8 /* Our_thanks_big.png */,
				FAAF1FB1146C2DB30060E5C8 /* Our_thanks.png */,
				FAAF1FB2146C2DB30060E5C8 /* Recipes_big.png */,
				FAAF1FB3146C2DB30060E5C8 /* Recipes.png */,
			);
			name = "TabBar icons";
			sourceTree = "<group>";
		};
		FAC7A2F7146C834B005FDE43 /* background */ = {
			isa = PBXGroup;
			children = (
				FAC7A2FA146C836B005FDE43 /* back2.png */,
				FAC7A2F8146C835F005FDE43 /* background.png */,
			);
			name = background;
			sourceTree = "<group>";
		};
		FAC7A308146C8516005FDE43 /* 1_1-креветки */ = {
			isa = PBXGroup;
			children = (
				FA88FAE1148D404300EED513 /* 1_1_ingreds.png */,
				FA02F22C146DB8DA008F0C7B /* 1_1_100.png */,
				FA02F21D146DB87F008F0C7B /* 1_1_1.png */,
				FA02F21E146DB87F008F0C7B /* 1_1_2.png */,
				FA02F21F146DB87F008F0C7B /* 1_1_3.png */,
				FA02F220146DB87F008F0C7B /* 1_1_4.png */,
				FA02F221146DB87F008F0C7B /* 1_1_5.png */,
				FA02F222146DB87F008F0C7B /* 1_1_6.png */,
				FA02F223146DB87F008F0C7B /* 1_1_7.png */,
				FAC7A300146C84B0005FDE43 /* 1-креветки.png */,
			);
			name = "1_1-креветки";
			sourceTree = "<group>";
		};
		FAC7A309146C87F9005FDE43 /* fonts */ = {
			isa = PBXGroup;
			children = (
				FAC7A30A146C8807005FDE43 /* segoepr.ttf */,
				FAC7A30B146C8807005FDE43 /* segoeprb.ttf */,
			);
			name = fonts;
			sourceTree = "<group>";
		};
		FAD6FE74142CBBA3000BAB09 /* NIBs */ = {
			isa = PBXGroup;
			children = (
				FA0BE3781428F98600F0D595 /* Recipes_ViewController.xib */,
				FA0BE38D142906AF00F0D595 /* VideosViewController.xib */,
				FA0BE392142906C000F0D595 /* AnonsViewController.xib */,
				FA0BE397142906CE00F0D595 /* MoreViewController.xib */,
				FAB9E2B1142A6A4900BACCDB /* OnePackViewController.xib */,
				FA754064142B994A002A70AE /* OneRecipeViewController.xib */,
			);
			name = NIBs;
			sourceTree = "<group>";
		};
/* End PBXGroup section */

/* Begin PBXNativeTarget section */
		FA0BE31E1428F01900F0D595 /* Recipes_ */ = {
			isa = PBXNativeTarget;
			buildConfigurationList = FA0BE3561428F01900F0D595 /* Build configuration list for PBXNativeTarget "Recipes_" */;
			buildPhases = (
				FA0BE31B1428F01900F0D595 /* Sources */,
				FA0BE31C1428F01900F0D595 /* Frameworks */,
				FA0BE31D1428F01900F0D595 /* Resources */,
			);
			buildRules = (
			);
			dependencies = (
			);
			name = Recipes_;
			productName = Recipes_;
			productReference = FA0BE31F1428F01900F0D595 /* Рецепты от Шеф-повара.app */;
			productType = "com.apple.product-type.application";
		};
/* End PBXNativeTarget section */

/* Begin PBXProject section */
		FA0BE3161428F01900F0D595 /* Project object */ = {
			isa = PBXProject;
			attributes = {
				LastUpgradeCheck = 0420;
			};
			buildConfigurationList = FA0BE3191428F01900F0D595 /* Build configuration list for PBXProject "Recipes_" */;
			compatibilityVersion = "Xcode 3.2";
			developmentRegion = English;
			hasScannedForEncodings = 0;
			knownRegions = (
				en,
				ru,
			);
			mainGroup = FA0BE3141428F01900F0D595;
			productRefGroup = FA0BE3201428F01900F0D595 /* Products */;
			projectDirPath = "";
			projectRoot = "";
			targets = (
				FA0BE31E1428F01900F0D595 /* Recipes_ */,
			);
		};
/* End PBXProject section */

/* Begin PBXResourcesBuildPhase section */
		FA0BE31D1428F01900F0D595 /* Resources */ = {
			isa = PBXResourcesBuildPhase;
			buildActionMask = 2147483647;
			files = (
				FA0BE32E1428F01900F0D595 /* InfoPlist.strings in Resources */,
				FA0BE3371428F01900F0D595 /* MainWindow.xib in Resources */,
				FA0BE37A1428F98600F0D595 /* Recipes_ViewController.xib in Resources */,
				FA0BE38F142906AF00F0D595 /* VideosViewController.xib in Resources */,
				FA0BE394142906C000F0D595 /* AnonsViewController.xib in Resources */,
				FA0BE399142906CE00F0D595 /* MoreViewController.xib in Resources */,
				FAB9E29A142A4B1800BACCDB /* categories.plist in Resources */,
				FAB9E29F142A4B2D00BACCDB /* instruments.plist in Resources */,
				FAB9E2B3142A6A4900BACCDB /* OnePackViewController.xib in Resources */,
				FA754066142B994A002A70AE /* OneRecipeViewController.xib in Resources */,
				FAAF1FB4146C2DB30060E5C8 /* About_project_big.png in Resources */,
				FAAF1FB5146C2DB30060E5C8 /* About_project.png in Resources */,
				FAAF1FB6146C2DB30060E5C8 /* Anons_big.png in Resources */,
				FAAF1FB7146C2DB30060E5C8 /* Anons.png in Resources */,
				FAAF1FB8146C2DB30060E5C8 /* Our_thanks_big.png in Resources */,
				FAAF1FB9146C2DB30060E5C8 /* Our_thanks.png in Resources */,
				FAAF1FBA146C2DB30060E5C8 /* Recipes_big.png in Resources */,
				FAAF1FBB146C2DB30060E5C8 /* Recipes.png in Resources */,
				FAC7A2F9146C835F005FDE43 /* background.png in Resources */,
				FAC7A2FC146C836B005FDE43 /* back2.png in Resources */,
				FAC7A2FD146C836B005FDE43 /* background_and_back2.png in Resources */,
				FAC7A2FF146C8376005FDE43 /* Пример-экрана.png in Resources */,
				FAC7A304146C84B0005FDE43 /* 1-креветки.png in Resources */,
				FAC7A305146C84B0005FDE43 /* 2-фитучини.png in Resources */,
				FAC7A306146C84B0005FDE43 /* 3-мясо.png in Resources */,
				FAC7A307146C84B0005FDE43 /* 4-семифредо.png in Resources */,
				FAC7A30C146C8807005FDE43 /* segoepr.ttf in Resources */,
				FAC7A30D146C8807005FDE43 /* segoeprb.ttf in Resources */,
				FAACBE23146D74360022E9A9 /* line.png in Resources */,
				FA02F224146DB87F008F0C7B /* 1_1_1.png in Resources */,
				FA02F225146DB87F008F0C7B /* 1_1_2.png in Resources */,
				FA02F226146DB87F008F0C7B /* 1_1_3.png in Resources */,
				FA02F227146DB87F008F0C7B /* 1_1_4.png in Resources */,
				FA02F228146DB87F008F0C7B /* 1_1_5.png in Resources */,
				FA02F229146DB87F008F0C7B /* 1_1_6.png in Resources */,
				FA02F22A146DB87F008F0C7B /* 1_1_7.png in Resources */,
				FA02F22D146DB8DA008F0C7B /* 1_1_100.png in Resources */,
				FA3633A91471ADBB00F70DC7 /* Default@2x.png in Resources */,
				FA3633AB1471AE1C00F70DC7 /* Default.png in Resources */,
				FA86EE1014742E1A0086DC73 /* test_image.png in Resources */,
				FA8FAFD414890CB900677E75 /* example1.png in Resources */,
				FA8FAFD514890CB900677E75 /* example2.png in Resources */,
				FA8FAFDB14890CE200677E75 /* back-center.png in Resources */,
				FA8FAFDC14890CE200677E75 /* back-steps.png in Resources */,
				FA8FAFDD14890CE200677E75 /* bottom-back-center.png in Resources */,
				FA8FAFDE14890CE200677E75 /* ingred_photo(old).png in Resources */,
				FA8FAFDF14890CE200677E75 /* top-back-center.png in Resources */,
				FA8FAFE114890CF200677E75 /* ingred(old).png in Resources */,
				FA88FAD6148D37D700EED513 /* iTunesArtwork in Resources */,
				FA88FAD8148D380500EED513 /* 57.png in Resources */,
				FA88FADA148D382500EED513 /* 114.png in Resources */,
				FA88FADD148D384B00EED513 /* ingred_photo.png in Resources */,
				FA88FADE148D384B00EED513 /* ingred.png in Resources */,
				FA88FAE0148D3C0200EED513 /* example3.png in Resources */,
				FA88FAE2148D404300EED513 /* 1_1_ingreds.png in Resources */,
				FAE9D52E1490945A002074CC /* 1set.png in Resources */,
				FA80B2CB1490FCDA008513F0 /* anons_salat_roastbeef.png in Resources */,
				FA80B2CC1490FCDA008513F0 /* anons_govyadina.png in Resources */,
				FA80B2CD1490FCDA008513F0 /* anons_boloniese.png in Resources */,
				FA80B2CE1490FCDA008513F0 /* anons_tiramisu.png in Resources */,
				FA80B2CF1490FCDA008513F0 /* anons_karpacho.png in Resources */,
				FA80B2D01490FCDA008513F0 /* anons_spag_buff.png in Resources */,
				FA80B2D11490FCDA008513F0 /* anons_flan.png in Resources */,
				FA80B2D21490FCDA008513F0 /* anons_tunez.png in Resources */,
				FADF313514914B8100F9DE5A /* 1_2_1.png in Resources */,
				FADF313614914B8100F9DE5A /* 1_2_2.png in Resources */,
				FADF313714914B8100F9DE5A /* 1_2_3.png in Resources */,
				FADF313814914B8100F9DE5A /* 1_2_4.png in Resources */,
				FADF313914914B8100F9DE5A /* 1_2_5.png in Resources */,
				FADF313A14914B8100F9DE5A /* 1_2_6.png in Resources */,
				FADF313B14914B8100F9DE5A /* 1_2_7.png in Resources */,
				FADF313C14914B8100F9DE5A /* 1_2_ingreds.png in Resources */,
				FADF313D14914B8100F9DE5A /* 1_2_100.png in Resources */,
				FADF31481491524700F9DE5A /* 1_3_1.png in Resources */,
				FADF31491491524700F9DE5A /* 1_3_2.png in Resources */,
				FADF314A1491524700F9DE5A /* 1_3_3.png in Resources */,
				FADF314B1491524700F9DE5A /* 1_3_4.png in Resources */,
				FADF314C1491524700F9DE5A /* 1_3_5.png in Resources */,
				FADF314D1491524700F9DE5A /* 1_3_6.png in Resources */,
				FADF314E1491524700F9DE5A /* 1_3_7.png in Resources */,
				FADF314F1491524700F9DE5A /* 1_3_100.png in Resources */,
				FADF31501491524700F9DE5A /* 1_3_ingreds.png in Resources */,
				FADF315A1491604A00F9DE5A /* 1_4_1.png in Resources */,
				FADF315B1491604A00F9DE5A /* 1_4_2.png in Resources */,
				FADF315C1491604A00F9DE5A /* 1_4_3.png in Resources */,
				FADF315E1491604A00F9DE5A /* 1_4_5.png in Resources */,
				FADF315F1491604A00F9DE5A /* 1_4_6.png in Resources */,
				FADF31601491604A00F9DE5A /* 1_4_7.png in Resources */,
				FADF31611491604A00F9DE5A /* 1_4_ingreds.png in Resources */,
				FADF31621491604A00F9DE5A /* 1_4_100.png in Resources */,
				FADF3166149160DE00F9DE5A /* 1_4_4.png in Resources */,
				FA1A5C5A1491FA16001F5C57 /* 2set.png in Resources */,
				FA1A5C691491FAD8001F5C57 /* 2_1_1.png in Resources */,
				FA1A5C6A1491FAD8001F5C57 /* 2_1_2.png in Resources */,
				FA1A5C6B1491FAD8001F5C57 /* 2_1_3.png in Resources */,
				FA1A5C6C1491FAD8001F5C57 /* 2_1_4.png in Resources */,
				FA1A5C6D1491FAD8001F5C57 /* 2_1_5.png in Resources */,
				FA1A5C6E1491FAD8001F5C57 /* 2_1_6.png in Resources */,
				FA1A5C6F1491FAD8001F5C57 /* 2_1_7.png in Resources */,
				FA1A5C701491FAD8001F5C57 /* 2_1_100.png in Resources */,
				FA1A5C711491FAD8001F5C57 /* 2_1_ingreds.png in Resources */,
				FA1A5C7B149201DF001F5C57 /* 2_2_1.png in Resources */,
				FA1A5C7C149201DF001F5C57 /* 2_2_2.png in Resources */,
				FA1A5C7D149201DF001F5C57 /* 2_2_3.png in Resources */,
				FA1A5C7E149201DF001F5C57 /* 2_2_4.png in Resources */,
				FA1A5C7F149201DF001F5C57 /* 2_2_5.png in Resources */,
				FA1A5C80149201DF001F5C57 /* 2_2_6.png in Resources */,
				FA1A5C81149201DF001F5C57 /* 2_2_100.png in Resources */,
				FA1A5C83149201DF001F5C57 /* 2_2_ingreds.png in Resources */,
				FA1A5C851492044E001F5C57 /* 2_3_ingreds.png in Resources */,
				FA1A5C8E14920455001F5C57 /* 2_3_1.png in Resources */,
				FA1A5C8F14920455001F5C57 /* 2_3_2.png in Resources */,
				FA1A5C9014920455001F5C57 /* 2_3_3.png in Resources */,
				FA1A5C9214920455001F5C57 /* 2_3_5.png in Resources */,
				FA1A5C9314920455001F5C57 /* 2_3_6.png in Resources */,
				FA1A5C9414920455001F5C57 /* 2_3_7.png in Resources */,
				FA1A5C9514920455001F5C57 /* 2_3_100.png in Resources */,
				FA1A5C9714920485001F5C57 /* 2_3_4.png in Resources */,
				FA1A5CA1149206FC001F5C57 /* 2_4_1.png in Resources */,
				FA1A5CA2149206FC001F5C57 /* 2_4_2.png in Resources */,
				FA1A5CA3149206FC001F5C57 /* 2_4_3.png in Resources */,
				FA1A5CA4149206FC001F5C57 /* 2_4_4.png in Resources */,
				FA1A5CA5149206FC001F5C57 /* 2_4_5.png in Resources */,
				FA1A5CA6149206FC001F5C57 /* 2_4_6.png in Resources */,
				FA1A5CA7149206FC001F5C57 /* 2_4_7.png in Resources */,
				FA1A5CA8149206FC001F5C57 /* 2_4_ingreds.png in Resources */,
				FA1A5CA9149206FC001F5C57 /* 2_4_100.png in Resources */,
				FA1A5CAB14920926001F5C57 /* 2_2_7.png in Resources */,
				FA6A02EB149215D000DFC185 /* 1-ось.png in Resources */,
				FA6A02EC149215D000DFC185 /* 2-ньекки.png in Resources */,
				FA6A02ED149215D000DFC185 /* 3-дорадо.png in Resources */,
				FA6A02EE149215D000DFC185 /* 4-мусс.png in Resources */,
				FAF1D2AF1492A14F007527FB /* ourthanks_ver5.png in Resources */,
				FABC88AC1496774A00E526BB /* oproekte_ver4.png in Resources */,
				FA99034F1499042C00EF0997 /* ourthanks.png in Resources */,
				FA9903521499043500EF0997 /* oproekte.png in Resources */,
				DD9C984114B2BCF900FA7056 /* InfoPlist.strings in Resources */,
				DD9C984214B2BCF900FA7056 /* ingredients.plist in Resources */,
				DD9C984314B2BCF900FA7056 /* MainWindow.xib in Resources */,
				DD9C984B14B2BD1000FA7056 /* InfoPlist.strings in Resources */,
				DD9C984C14B2BD1000FA7056 /* ingredients.plist in Resources */,
				DD9C984D14B2BD1000FA7056 /* MainWindow.xib in Resources */,
				DD9C985514B2C2B300FA7056 /* groups.plist in Resources */,
				DD9C985814B2C2CE00FA7056 /* groups.plist in Resources */,
				DD9C985D14B2C3EB00FA7056 /* anons.plist in Resources */,
				DD9C985E14B2C3EB00FA7056 /* recipes.plist in Resources */,
				DD9C986314B2C40600FA7056 /* anons.plist in Resources */,
				DD9C986414B2C40600FA7056 /* recipes.plist in Resources */,
			);
			runOnlyForDeploymentPostprocessing = 0;
		};
/* End PBXResourcesBuildPhase section */

/* Begin PBXSourcesBuildPhase section */
		FA0BE31B1428F01900F0D595 /* Sources */ = {
			isa = PBXSourcesBuildPhase;
			buildActionMask = 2147483647;
			files = (
				FA0BE3311428F01900F0D595 /* main.m in Sources */,
				FA0BE3341428F01900F0D595 /* Recipes_AppDelegate.m in Sources */,
				FA0BE36D1428F1F000F0D595 /* Recipe.m in Sources */,
				FA0BE3701428F1FE00F0D595 /* Pack.m in Sources */,
				FA0BE3791428F98600F0D595 /* Recipes_ViewController.m in Sources */,
				FA0BE38E142906AF00F0D595 /* VideosViewController.m in Sources */,
				FA0BE393142906C000F0D595 /* AnonsViewController.m in Sources */,
				FA0BE398142906CE00F0D595 /* MoreViewController.m in Sources */,
				FAB9E2B2142A6A4900BACCDB /* OnePackViewController.m in Sources */,
				FA754065142B994A002A70AE /* OneRecipeViewController.m in Sources */,
				FADF639A145D5D4000DDCD02 /* CrossButton.m in Sources */,
				FADF63A3145DB63200DDCD02 /* MyTabBarController.m in Sources */,
				FA06FD061462DE2E002877D1 /* MyNavController.m in Sources */,
			);
			runOnlyForDeploymentPostprocessing = 0;
		};
/* End PBXSourcesBuildPhase section */

/* Begin PBXVariantGroup section */
		DD9C983B14B2BCF900FA7056 /* InfoPlist.strings */ = {
			isa = PBXVariantGroup;
			children = (
				DD9C983C14B2BCF900FA7056 /* en */,
			);
			name = InfoPlist.strings;
			sourceTree = "<group>";
		};
		DD9C983D14B2BCF900FA7056 /* ingredients.plist */ = {
			isa = PBXVariantGroup;
			children = (
				DD9C983E14B2BCF900FA7056 /* en */,
			);
			name = ingredients.plist;
			sourceTree = "<group>";
		};
		DD9C983F14B2BCF900FA7056 /* MainWindow.xib */ = {
			isa = PBXVariantGroup;
			children = (
				DD9C984014B2BCF900FA7056 /* en */,
			);
			name = MainWindow.xib;
			sourceTree = "<group>";
		};
		DD9C984514B2BD1000FA7056 /* InfoPlist.strings */ = {
			isa = PBXVariantGroup;
			children = (
				DD9C984614B2BD1000FA7056 /* ru */,
			);
			name = InfoPlist.strings;
			sourceTree = "<group>";
		};
		DD9C984714B2BD1000FA7056 /* ingredients.plist */ = {
			isa = PBXVariantGroup;
			children = (
				DD9C984814B2BD1000FA7056 /* ru */,
			);
			name = ingredients.plist;
			sourceTree = "<group>";
		};
		DD9C984914B2BD1000FA7056 /* MainWindow.xib */ = {
			isa = PBXVariantGroup;
			children = (
				DD9C984A14B2BD1000FA7056 /* ru */,
			);
			name = MainWindow.xib;
			sourceTree = "<group>";
		};
		DD9C985314B2C2B300FA7056 /* groups.plist */ = {
			isa = PBXVariantGroup;
			children = (
				DD9C985414B2C2B300FA7056 /* ru */,
			);
			name = groups.plist;
			sourceTree = "<group>";
		};
		DD9C985614B2C2CE00FA7056 /* groups.plist */ = {
			isa = PBXVariantGroup;
			children = (
				DD9C985714B2C2CE00FA7056 /* en */,
			);
			name = groups.plist;
			sourceTree = "<group>";
		};
		DD9C985914B2C3EB00FA7056 /* anons.plist */ = {
			isa = PBXVariantGroup;
			children = (
				DD9C985A14B2C3EB00FA7056 /* en */,
			);
			name = anons.plist;
			sourceTree = "<group>";
		};
		DD9C985B14B2C3EB00FA7056 /* recipes.plist */ = {
			isa = PBXVariantGroup;
			children = (
				DD9C985C14B2C3EB00FA7056 /* en */,
			);
			name = recipes.plist;
			sourceTree = "<group>";
		};
		DD9C985F14B2C40600FA7056 /* anons.plist */ = {
			isa = PBXVariantGroup;
			children = (
				DD9C986014B2C40600FA7056 /* ru */,
			);
			name = anons.plist;
			sourceTree = "<group>";
		};
		DD9C986114B2C40600FA7056 /* recipes.plist */ = {
			isa = PBXVariantGroup;
			children = (
				DD9C986214B2C40600FA7056 /* ru */,
			);
			name = recipes.plist;
			sourceTree = "<group>";
		};
		FA0BE32C1428F01900F0D595 /* InfoPlist.strings */ = {
			isa = PBXVariantGroup;
			children = (
				FA0BE32D1428F01900F0D595 /* en */,
				DD9C983814B2BB2000FA7056 /* ru */,
			);
			name = InfoPlist.strings;
			sourceTree = "<group>";
		};
		FA0BE3351428F01900F0D595 /* MainWindow.xib */ = {
			isa = PBXVariantGroup;
			children = (
				FA0BE3361428F01900F0D595 /* en */,
				DD9C983714B2BB2000FA7056 /* ru */,
			);
			name = MainWindow.xib;
			sourceTree = "<group>";
		};
/* End PBXVariantGroup section */

/* Begin XCBuildConfiguration section */
		FA0BE3541428F01900F0D595 /* Debug */ = {
			isa = XCBuildConfiguration;
			buildSettings = {
				ARCHS = "$(ARCHS_STANDARD_32_BIT)";
				CODE_SIGN_IDENTITY = "iPhone Distribution: Moslight LLC";
				"CODE_SIGN_IDENTITY[sdk=iphoneos*]" = "iPhone Distribution: Moslight LLC";
				GCC_C_LANGUAGE_STANDARD = gnu99;
				GCC_OPTIMIZATION_LEVEL = 0;
				GCC_PREPROCESSOR_DEFINITIONS = DEBUG;
				GCC_SYMBOLS_PRIVATE_EXTERN = NO;
				GCC_VERSION = com.apple.compilers.llvmgcc42;
				GCC_WARN_ABOUT_RETURN_TYPE = YES;
				GCC_WARN_UNUSED_VARIABLE = YES;
				IPHONEOS_DEPLOYMENT_TARGET = 4.2;
				New_Setting = "";
				ONLY_ACTIVE_ARCH = YES;
				PROVISIONING_PROFILE = "5DD8A89E-77AA-4650-993D-777B983518C0";
				"PROVISIONING_PROFILE[sdk=iphoneos*]" = "5DD8A89E-77AA-4650-993D-777B983518C0";
				SDKROOT = iphoneos;
			};
			name = Debug;
		};
		FA0BE3551428F01900F0D595 /* Release */ = {
			isa = XCBuildConfiguration;
			buildSettings = {
				ARCHS = "$(ARCHS_STANDARD_32_BIT)";
				CODE_SIGN_IDENTITY = "iPhone Distribution: Moslight LLC";
				"CODE_SIGN_IDENTITY[sdk=iphoneos*]" = "iPhone Distribution: Moslight LLC";
				GCC_C_LANGUAGE_STANDARD = gnu99;
				GCC_VERSION = com.apple.compilers.llvmgcc42;
				GCC_WARN_ABOUT_RETURN_TYPE = YES;
				GCC_WARN_UNUSED_VARIABLE = YES;
				IPHONEOS_DEPLOYMENT_TARGET = 4.2;
				New_Setting = "";
				OTHER_CFLAGS = "-DNS_BLOCK_ASSERTIONS=1";
				PROVISIONING_PROFILE = "5DD8A89E-77AA-4650-993D-777B983518C0";
				"PROVISIONING_PROFILE[sdk=iphoneos*]" = "5DD8A89E-77AA-4650-993D-777B983518C0";
				SDKROOT = iphoneos;
			};
			name = Release;
		};
		FA0BE3571428F01900F0D595 /* Debug */ = {
			isa = XCBuildConfiguration;
			buildSettings = {
				ALWAYS_SEARCH_USER_PATHS = NO;
				ARCHS = (
					armv6,
					armv7,
				);
				CODE_SIGN_IDENTITY = "iPhone Distribution: Moslight LLC";
				"CODE_SIGN_IDENTITY[sdk=iphoneos*]" = "iPhone Distribution: Moslight LLC";
				COPY_PHASE_STRIP = NO;
				GCC_DYNAMIC_NO_PIC = NO;
				GCC_PRECOMPILE_PREFIX_HEADER = YES;
				GCC_PREFIX_HEADER = "Recipes_/Recipes_-Prefix.pch";
				GCC_VERSION = com.apple.compilers.llvm.clang.1_0;
				INFOPLIST_FILE = "Recipes_/Recipes_-Info.plist";
				IPHONEOS_DEPLOYMENT_TARGET = 4.1;
				ONLY_ACTIVE_ARCH = YES;
				PRODUCT_NAME = "Рецепты от Шеф-повара";
				PROVISIONING_PROFILE = "5DD8A89E-77AA-4650-993D-777B983518C0";
				"PROVISIONING_PROFILE[sdk=iphoneos*]" = "5DD8A89E-77AA-4650-993D-777B983518C0";
				TARGETED_DEVICE_FAMILY = 1;
				VALIDATE_PRODUCT = YES;
				WRAPPER_EXTENSION = app;
				rg = "";
			};
			name = Debug;
		};
		FA0BE3581428F01900F0D595 /* Release */ = {
			isa = XCBuildConfiguration;
			buildSettings = {
				ALWAYS_SEARCH_USER_PATHS = NO;
				ARCHS = (
					armv6,
					armv7,
				);
				CODE_SIGN_IDENTITY = "iPhone Distribution: Moslight LLC";
				"CODE_SIGN_IDENTITY[sdk=iphoneos*]" = "iPhone Distribution: Moslight LLC";
				COPY_PHASE_STRIP = YES;
				GCC_PRECOMPILE_PREFIX_HEADER = YES;
				GCC_PREFIX_HEADER = "Recipes_/Recipes_-Prefix.pch";
				GCC_VERSION = com.apple.compilers.llvm.clang.1_0;
				INFOPLIST_FILE = "Recipes_/Recipes_-Info.plist";
				IPHONEOS_DEPLOYMENT_TARGET = 4.1;
				PRODUCT_NAME = "Рецепты от Шеф-повара";
				PROVISIONING_PROFILE = "5DD8A89E-77AA-4650-993D-777B983518C0";
				"PROVISIONING_PROFILE[sdk=iphoneos*]" = "5DD8A89E-77AA-4650-993D-777B983518C0";
				TARGETED_DEVICE_FAMILY = 1;
				VALIDATE_PRODUCT = YES;
				WRAPPER_EXTENSION = app;
				rg = "";
			};
			name = Release;
		};
		FAC316601430F05C00DEF9F9 /* Distribution */ = {
			isa = XCBuildConfiguration;
			buildSettings = {
				ARCHS = "$(ARCHS_STANDARD_32_BIT)";
				CODE_SIGN_IDENTITY = "iPhone Distribution: Moslight LLC";
				"CODE_SIGN_IDENTITY[sdk=iphoneos*]" = "iPhone Distribution: Moslight LLC";
				GCC_C_LANGUAGE_STANDARD = gnu99;
				GCC_OPTIMIZATION_LEVEL = s;
				GCC_VERSION = com.apple.compilers.llvmgcc42;
				GCC_WARN_ABOUT_RETURN_TYPE = YES;
				GCC_WARN_UNUSED_VARIABLE = YES;
				IPHONEOS_DEPLOYMENT_TARGET = 4.2;
				New_Setting = "";
				OTHER_CFLAGS = "-DNS_BLOCK_ASSERTIONS=1";
				PROVISIONING_PROFILE = "5DD8A89E-77AA-4650-993D-777B983518C0";
				"PROVISIONING_PROFILE[sdk=iphoneos*]" = "5DD8A89E-77AA-4650-993D-777B983518C0";
				SDKROOT = iphoneos;
			};
			name = Distribution;
		};
		FAC316611430F05C00DEF9F9 /* Distribution */ = {
			isa = XCBuildConfiguration;
			buildSettings = {
				ALWAYS_SEARCH_USER_PATHS = NO;
				ARCHS = (
					armv6,
					armv7,
				);
				CODE_SIGN_IDENTITY = "iPhone Distribution: Moslight LLC";
				"CODE_SIGN_IDENTITY[sdk=iphoneos*]" = "iPhone Distribution: Moslight LLC";
				COPY_PHASE_STRIP = YES;
				GCC_PRECOMPILE_PREFIX_HEADER = YES;
				GCC_PREFIX_HEADER = "Recipes_/Recipes_-Prefix.pch";
				GCC_VERSION = com.apple.compilers.llvm.clang.1_0;
				INFOPLIST_FILE = "Recipes_/Recipes_-Info.plist";
				IPHONEOS_DEPLOYMENT_TARGET = 4.1;
				PRODUCT_NAME = "Рецепты от Шеф-повара";
				PROVISIONING_PROFILE = "5DD8A89E-77AA-4650-993D-777B983518C0";
				"PROVISIONING_PROFILE[sdk=iphoneos*]" = "5DD8A89E-77AA-4650-993D-777B983518C0";
				TARGETED_DEVICE_FAMILY = 1;
				VALIDATE_PRODUCT = YES;
				WRAPPER_EXTENSION = app;
				rg = "";
			};
			name = Distribution;
		};
/* End XCBuildConfiguration section */

/* Begin XCConfigurationList section */
		FA0BE3191428F01900F0D595 /* Build configuration list for PBXProject "Recipes_" */ = {
			isa = XCConfigurationList;
			buildConfigurations = (
				FA0BE3541428F01900F0D595 /* Debug */,
				FA0BE3551428F01900F0D595 /* Release */,
				FAC316601430F05C00DEF9F9 /* Distribution */,
			);
			defaultConfigurationIsVisible = 0;
			defaultConfigurationName = Distribution;
		};
		FA0BE3561428F01900F0D595 /* Build configuration list for PBXNativeTarget "Recipes_" */ = {
			isa = XCConfigurationList;
			buildConfigurations = (
				FA0BE3571428F01900F0D595 /* Debug */,
				FA0BE3581428F01900F0D595 /* Release */,
				FAC316611430F05C00DEF9F9 /* Distribution */,
			);
			defaultConfigurationIsVisible = 0;
			defaultConfigurationName = Distribution;
		};
/* End XCConfigurationList section */
	};
	rootObject = FA0BE3161428F01900F0D595 /* Project object */;
}
